// !$*UTF8*$!
{
	archiveVersion = 1;
	classes = {
	};
	objectVersion = 46;
	objects = {

/* Begin PBXBuildFile section */
		697A6AD81A6F8D6A008A893A /* main.m in Sources */ = {isa = PBXBuildFile; fileRef = 697A6AD71A6F8D6A008A893A /* main.m */; };
		697A6ADB1A6F8D6A008A893A /* AppDelegate.m in Sources */ = {isa = PBXBuildFile; fileRef = 697A6ADA1A6F8D6A008A893A /* AppDelegate.m */; };
		697A6ADE1A6F8D6B008A893A /* thaidict.xcdatamodeld in Sources */ = {isa = PBXBuildFile; fileRef = 697A6ADC1A6F8D6A008A893A /* thaidict.xcdatamodeld */; };
		697A6AE11A6F8D6B008A893A /* ViewController.m in Sources */ = {isa = PBXBuildFile; fileRef = 697A6AE01A6F8D6B008A893A /* ViewController.m */; };
		697A6AE41A6F8D6B008A893A /* Main.storyboard in Resources */ = {isa = PBXBuildFile; fileRef = 697A6AE21A6F8D6B008A893A /* Main.storyboard */; };
		697A6AE61A6F8D6B008A893A /* Images.xcassets in Resources */ = {isa = PBXBuildFile; fileRef = 697A6AE51A6F8D6B008A893A /* Images.xcassets */; };
		697A6AE91A6F8D6B008A893A /* LaunchScreen.xib in Resources */ = {isa = PBXBuildFile; fileRef = 697A6AE71A6F8D6B008A893A /* LaunchScreen.xib */; };
		697A6AF51A6F8D6B008A893A /* thaidictTests.m in Sources */ = {isa = PBXBuildFile; fileRef = 697A6AF41A6F8D6B008A893A /* thaidictTests.m */; };
/* End PBXBuildFile section */

/* Begin PBXContainerItemProxy section */
		697A6AEF1A6F8D6B008A893A /* PBXContainerItemProxy */ = {
			isa = PBXContainerItemProxy;
			containerPortal = 697A6ACA1A6F8D6A008A893A /* Project object */;
			proxyType = 1;
			remoteGlobalIDString = 697A6AD11A6F8D6A008A893A;
			remoteInfo = thaidict;
		};
/* End PBXContainerItemProxy section */

/* Begin PBXFileReference section */
		697A6AD21A6F8D6A008A893A /* thaidict.app */ = {isa = PBXFileReference; explicitFileType = wrapper.application; includeInIndex = 0; path = thaidict.app; sourceTree = BUILT_PRODUCTS_DIR; };
		697A6AD61A6F8D6A008A893A /* Info.plist */ = {isa = PBXFileReference; lastKnownFileType = text.plist.xml; path = Info.plist; sourceTree = "<group>"; };
		697A6AD71A6F8D6A008A893A /* main.m */ = {isa = PBXFileReference; lastKnownFileType = sourcecode.c.objc; path = main.m; sourceTree = "<group>"; };
		697A6AD91A6F8D6A008A893A /* AppDelegate.h */ = {isa = PBXFileReference; lastKnownFileType = sourcecode.c.h; path = AppDelegate.h; sourceTree = "<group>"; };
		697A6ADA1A6F8D6A008A893A /* AppDelegate.m */ = {isa = PBXFileReference; lastKnownFileType = sourcecode.c.objc; path = AppDelegate.m; sourceTree = "<group>"; };
		697A6ADD1A6F8D6A008A893A /* thaidict.xcdatamodel */ = {isa = PBXFileReference; lastKnownFileType = wrapper.xcdatamodel; path = thaidict.xcdatamodel; sourceTree = "<group>"; };
		697A6ADF1A6F8D6B008A893A /* ViewController.h */ = {isa = PBXFileReference; lastKnownFileType = sourcecode.c.h; path = ViewController.h; sourceTree = "<group>"; };
		697A6AE01A6F8D6B008A893A /* ViewController.m */ = {isa = PBXFileReference; lastKnownFileType = sourcecode.c.objc; path = ViewController.m; sourceTree = "<group>"; };
		697A6AE31A6F8D6B008A893A /* Base */ = {isa = PBXFileReference; lastKnownFileType = file.storyboard; name = Base; path = Base.lproj/Main.storyboard; sourceTree = "<group>"; };
		697A6AE51A6F8D6B008A893A /* Images.xcassets */ = {isa = PBXFileReference; lastKnownFileType = folder.assetcatalog; path = Images.xcassets; sourceTree = "<group>"; };
		697A6AE81A6F8D6B008A893A /* Base */ = {isa = PBXFileReference; lastKnownFileType = file.xib; name = Base; path = Base.lproj/LaunchScreen.xib; sourceTree = "<group>"; };
		697A6AEE1A6F8D6B008A893A /* thaidictTests.xctest */ = {isa = PBXFileReference; explicitFileType = wrapper.cfbundle; includeInIndex = 0; path = thaidictTests.xctest; sourceTree = BUILT_PRODUCTS_DIR; };
		697A6AF31A6F8D6B008A893A /* Info.plist */ = {isa = PBXFileReference; lastKnownFileType = text.plist.xml; path = Info.plist; sourceTree = "<group>"; };
		697A6AF41A6F8D6B008A893A /* thaidictTests.m */ = {isa = PBXFileReference; lastKnownFileType = sourcecode.c.objc; path = thaidictTests.m; sourceTree = "<group>"; };
/* End PBXFileReference section */

/* Begin PBXFrameworksBuildPhase section */
		697A6ACF1A6F8D6A008A893A /* Frameworks */ = {
			isa = PBXFrameworksBuildPhase;
			buildActionMask = 2147483647;
			files = (
			);
			runOnlyForDeploymentPostprocessing = 0;
		};
		697A6AEB1A6F8D6B008A893A /* Frameworks */ = {
			isa = PBXFrameworksBuildPhase;
			buildActionMask = 2147483647;
			files = (
			);
			runOnlyForDeploymentPostprocessing = 0;
		};
/* End PBXFrameworksBuildPhase section */

/* Begin PBXGroup section */
		697A6AC91A6F8D6A008A893A = {
			isa = PBXGroup;
			children = (
				697A6AD41A6F8D6A008A893A /* thaidict */,
				697A6AF11A6F8D6B008A893A /* thaidictTests */,
				697A6AD31A6F8D6A008A893A /* Products */,
			);
			sourceTree = "<group>";
		};
		697A6AD31A6F8D6A008A893A /* Products */ = {
			isa = PBXGroup;
			children = (
				697A6AD21A6F8D6A008A893A /* thaidict.app */,
				697A6AEE1A6F8D6B008A893A /* thaidictTests.xctest */,
			);
			name = Products;
			sourceTree = "<group>";
		};
		697A6AD41A6F8D6A008A893A /* thaidict */ = {
			isa = PBXGroup;
			children = (
				697A6AD91A6F8D6A008A893A /* AppDelegate.h */,
				697A6ADA1A6F8D6A008A893A /* AppDelegate.m */,
				697A6ADF1A6F8D6B008A893A /* ViewController.h */,
				697A6AE01A6F8D6B008A893A /* ViewController.m */,
				697A6AE21A6F8D6B008A893A /* Main.storyboard */,
				697A6AE51A6F8D6B008A893A /* Images.xcassets */,
				697A6AE71A6F8D6B008A893A /* LaunchScreen.xib */,
				697A6ADC1A6F8D6A008A893A /* thaidict.xcdatamodeld */,
				697A6AD51A6F8D6A008A893A /* Supporting Files */,
			);
			path = thaidict;
			sourceTree = "<group>";
		};
		697A6AD51A6F8D6A008A893A /* Supporting Files */ = {
			isa = PBXGroup;
			children = (
				697A6AD61A6F8D6A008A893A /* Info.plist */,
				697A6AD71A6F8D6A008A893A /* main.m */,
			);
			name = "Supporting Files";
			sourceTree = "<group>";
		};
		697A6AF11A6F8D6B008A893A /* thaidictTests */ = {
			isa = PBXGroup;
			children = (
				697A6AF41A6F8D6B008A893A /* thaidictTests.m */,
				697A6AF21A6F8D6B008A893A /* Supporting Files */,
			);
			path = thaidictTests;
			sourceTree = "<group>";
		};
		697A6AF21A6F8D6B008A893A /* Supporting Files */ = {
			isa = PBXGroup;
			children = (
				697A6AF31A6F8D6B008A893A /* Info.plist */,
			);
			name = "Supporting Files";
			sourceTree = "<group>";
		};
/* End PBXGroup section */

/* Begin PBXNativeTarget section */
		697A6AD11A6F8D6A008A893A /* thaidict */ = {
			isa = PBXNativeTarget;
			buildConfigurationList = 697A6AF81A6F8D6B008A893A /* Build configuration list for PBXNativeTarget "thaidict" */;
			buildPhases = (
				697A6ACE1A6F8D6A008A893A /* Sources */,
				697A6ACF1A6F8D6A008A893A /* Frameworks */,
				697A6AD01A6F8D6A008A893A /* Resources */,
			);
			buildRules = (
			);
			dependencies = (
			);
			name = thaidict;
			productName = thaidict;
			productReference = 697A6AD21A6F8D6A008A893A /* thaidict.app */;
			productType = "com.apple.product-type.application";
		};
		697A6AED1A6F8D6B008A893A /* thaidictTests */ = {
			isa = PBXNativeTarget;
			buildConfigurationList = 697A6AFB1A6F8D6B008A893A /* Build configuration list for PBXNativeTarget "thaidictTests" */;
			buildPhases = (
				697A6AEA1A6F8D6B008A893A /* Sources */,
				697A6AEB1A6F8D6B008A893A /* Frameworks */,
				697A6AEC1A6F8D6B008A893A /* Resources */,
			);
			buildRules = (
			);
			dependencies = (
				697A6AF01A6F8D6B008A893A /* PBXTargetDependency */,
			);
			name = thaidictTests;
			productName = thaidictTests;
			productReference = 697A6AEE1A6F8D6B008A893A /* thaidictTests.xctest */;
			productType = "com.apple.product-type.bundle.unit-test";
		};
/* End PBXNativeTarget section */

/* Begin PBXProject section */
		697A6ACA1A6F8D6A008A893A /* Project object */ = {
			isa = PBXProject;
			attributes = {
				LastUpgradeCheck = 0610;
				ORGANIZATIONNAME = Rnut;
				TargetAttributes = {
					697A6AD11A6F8D6A008A893A = {
						CreatedOnToolsVersion = 6.1.1;
					};
					697A6AED1A6F8D6B008A893A = {
						CreatedOnToolsVersion = 6.1.1;
						TestTargetID = 697A6AD11A6F8D6A008A893A;
					};
				};
			};
			buildConfigurationList = 697A6ACD1A6F8D6A008A893A /* Build configuration list for PBXProject "thaidict" */;
			compatibilityVersion = "Xcode 3.2";
			developmentRegion = English;
			hasScannedForEncodings = 0;
			knownRegions = (
				en,
				Base,
			);
			mainGroup = 697A6AC91A6F8D6A008A893A;
			productRefGroup = 697A6AD31A6F8D6A008A893A /* Products */;
			projectDirPath = "";
			projectRoot = "";
			targets = (
				697A6AD11A6F8D6A008A893A /* thaidict */,
				697A6AED1A6F8D6B008A893A /* thaidictTests */,
			);
		};
/* End PBXProject section */

/* Begin PBXResourcesBuildPhase section */
		697A6AD01A6F8D6A008A893A /* Resources */ = {
			isa = PBXResourcesBuildPhase;
			buildActionMask = 2147483647;
			files = (
				697A6AE41A6F8D6B008A893A /* Main.storyboard in Resources */,
				697A6AE91A6F8D6B008A893A /* LaunchScreen.xib in Resources */,
				697A6AE61A6F8D6B008A893A /* Images.xcassets in Resources */,
			);
			runOnlyForDeploymentPostprocessing = 0;
		};
		697A6AEC1A6F8D6B008A893A /* Resources */ = {
			isa = PBXResourcesBuildPhase;
			buildActionMask = 2147483647;
			files = (
			);
			runOnlyForDeploymentPostprocessing = 0;
		};
/* End PBXResourcesBuildPhase section */

/* Begin PBXSourcesBuildPhase section */
		697A6ACE1A6F8D6A008A893A /* Sources */ = {
			isa = PBXSourcesBuildPhase;
			buildActionMask = 2147483647;
			files = (
				697A6ADB1A6F8D6A008A893A /* AppDelegate.m in Sources */,
				697A6AD81A6F8D6A008A893A /* main.m in Sources */,
				697A6AE11A6F8D6B008A893A /* ViewController.m in Sources */,
				697A6ADE1A6F8D6B008A893A /* thaidict.xcdatamodeld in Sources */,
			);
			runOnlyForDeploymentPostprocessing = 0;
		};
		697A6AEA1A6F8D6B008A893A /* Sources */ = {
			isa = PBXSourcesBuildPhase;
			buildActionMask = 2147483647;
			files = (
				697A6AF51A6F8D6B008A893A /* thaidictTests.m in Sources */,
			);
			runOnlyForDeploymentPostprocessing = 0;
		};
/* End PBXSourcesBuildPhase section */

/* Begin PBXTargetDependency section */
		697A6AF01A6F8D6B008A893A /* PBXTargetDependency */ = {
			isa = PBXTargetDependency;
			target = 697A6AD11A6F8D6A008A893A /* thaidict */;
			targetProxy = 697A6AEF1A6F8D6B008A893A /* PBXContainerItemProxy */;
		};
/* End PBXTargetDependency section */

/* Begin PBXVariantGroup section */
		697A6AE21A6F8D6B008A893A /* Main.storyboard */ = {
			isa = PBXVariantGroup;
			children = (
				697A6AE31A6F8D6B008A893A /* Base */,
			);
			name = Main.storyboard;
			sourceTree = "<group>";
		};
		697A6AE71A6F8D6B008A893A /* LaunchScreen.xib */ = {
			isa = PBXVariantGroup;
			children = (
				697A6AE81A6F8D6B008A893A /* Base */,
			);
			name = LaunchScreen.xib;
			sourceTree = "<group>";
		};
/* End PBXVariantGroup section */

/* Begin XCBuildConfiguration section */
		697A6AF61A6F8D6B008A893A /* Debug */ = {
			isa = XCBuildConfiguration;
			buildSettings = {
				ALWAYS_SEARCH_USER_PATHS = NO;
				CLANG_CXX_LANGUAGE_STANDARD = "gnu++0x";
				CLANG_CXX_LIBRARY = "libc++";
				CLANG_ENABLE_MODULES = YES;
				CLANG_ENABLE_OBJC_ARC = YES;
				CLANG_WARN_BOOL_CONVERSION = YES;
				CLANG_WARN_CONSTANT_CONVERSION = YES;
				CLANG_WARN_DIRECT_OBJC_ISA_USAGE = YES_ERROR;
				CLANG_WARN_EMPTY_BODY = YES;
				CLANG_WARN_ENUM_CONVERSION = YES;
				CLANG_WARN_INT_CONVERSION = YES;
				CLANG_WARN_OBJC_ROOT_CLASS = YES_ERROR;
				CLANG_WARN_UNREACHABLE_CODE = YES;
				CLANG_WARN__DUPLICATE_METHOD_MATCH = YES;
				"CODE_SIGN_IDENTITY[sdk=iphoneos*]" = "iPhone Developer";
				COPY_PHASE_STRIP = NO;
				ENABLE_STRICT_OBJC_MSGSEND = YES;
				GCC_C_LANGUAGE_STANDARD = gnu99;
				GCC_DYNAMIC_NO_PIC = NO;
				GCC_OPTIMIZATION_LEVEL = 0;
				GCC_PREPROCESSOR_DEFINITIONS = (
					"DEBUG=1",
					"$(inherited)",
				);
				GCC_SYMBOLS_PRIVATE_EXTERN = NO;
				GCC_WARN_64_TO_32_BIT_CONVERSION = YES;
				GCC_WARN_ABOUT_RETURN_TYPE = YES_ERROR;
				GCC_WARN_UNDECLARED_SELECTOR = YES;
				GCC_WARN_UNINITIALIZED_AUTOS = YES_AGGRESSIVE;
				GCC_WARN_UNUSED_FUNCTION = YES;
				GCC_WARN_UNUSED_VARIABLE = YES;
				IPHONEOS_DEPLOYMENT_TARGET = 8.1;
				MTL_ENABLE_DEBUG_INFO = YES;
				ONLY_ACTIVE_ARCH = YES;
				SDKROOT = iphoneos;
				TARGETED_DEVICE_FAMILY = "1,2";
			};
			name = Debug;
		};
		697A6AF71A6F8D6B008A893A /* Release */ = {
			isa = XCBuildConfiguration;
			buildSettings = {
				ALWAYS_SEARCH_USER_PATHS = NO;
				CLANG_CXX_LANGUAGE_STANDARD = "gnu++0x";
				CLANG_CXX_LIBRARY = "libc++";
				CLANG_ENABLE_MODULES = YES;
				CLANG_ENABLE_OBJC_ARC = YES;
				CLANG_WARN_BOOL_CONVERSION = YES;
				CLANG_WARN_CONSTANT_CONVERSION = YES;
				CLANG_WARN_DIRECT_OBJC_ISA_USAGE = YES_ERROR;
				CLANG_WARN_EMPTY_BODY = YES;
				CLANG_WARN_ENUM_CONVERSION = YES;
				CLANG_WARN_INT_CONVERSION = YES;
				CLANG_WARN_OBJC_ROOT_CLASS = YES_ERROR;
				CLANG_WARN_UNREACHABLE_CODE = YES;
				CLANG_WARN__DUPLICATE_METHOD_MATCH = YES;
				"CODE_SIGN_IDENTITY[sdk=iphoneos*]" = "iPhone Developer";
				COPY_PHASE_STRIP = YES;
				ENABLE_NS_ASSERTIONS = NO;
				ENABLE_STRICT_OBJC_MSGSEND = YES;
				GCC_C_LANGUAGE_STANDARD = gnu99;
				GCC_WARN_64_TO_32_BIT_CONVERSION = YES;
				GCC_WARN_ABOUT_RETURN_TYPE = YES_ERROR;
				GCC_WARN_UNDECLARED_SELECTOR = YES;
				GCC_WARN_UNINITIALIZED_AUTOS = YES_AGGRESSIVE;
				GCC_WARN_UNUSED_FUNCTION = YES;
				GCC_WARN_UNUSED_VARIABLE = YES;
				IPHONEOS_DEPLOYMENT_TARGET = 8.1;
				MTL_ENABLE_DEBUG_INFO = NO;
				SDKROOT = iphoneos;
				TARGETED_DEVICE_FAMILY = "1,2";
				VALIDATE_PRODUCT = YES;
			};
			name = Release;
		};
		697A6AF91A6F8D6B008A893A /* Debug */ = {
			isa = XCBuildConfiguration;
			buildSettings = {
				ASSETCATALOG_COMPILER_APPICON_NAME = AppIcon;
				INFOPLIST_FILE = thaidict/Info.plist;
				LD_RUNPATH_SEARCH_PATHS = "$(inherited) @executable_path/Frameworks";
				PRODUCT_NAME = "$(TARGET_NAME)";
			};
			name = Debug;
		};
		697A6AFA1A6F8D6B008A893A /* Release */ = {
			isa = XCBuildConfiguration;
			buildSettings = {
				ASSETCATALOG_COMPILER_APPICON_NAME = AppIcon;
				INFOPLIST_FILE = thaidict/Info.plist;
				LD_RUNPATH_SEARCH_PATHS = "$(inherited) @executable_path/Frameworks";
				PRODUCT_NAME = "$(TARGET_NAME)";
			};
			name = Release;
		};
		697A6AFC1A6F8D6B008A893A /* Debug */ = {
			isa = XCBuildConfiguration;
			buildSettings = {
				BUNDLE_LOADER = "$(TEST_HOST)";
				FRAMEWORK_SEARCH_PATHS = (
					"$(SDKROOT)/Developer/Library/Frameworks",
					"$(inherited)",
				);
				GCC_PREPROCESSOR_DEFINITIONS = (
					"DEBUG=1",
					"$(inherited)",
				);
				INFOPLIST_FILE = thaidictTests/Info.plist;
				LD_RUNPATH_SEARCH_PATHS = "$(inherited) @executable_path/Frameworks @loader_path/Frameworks";
				PRODUCT_NAME = "$(TARGET_NAME)";
				TEST_HOST = "$(BUILT_PRODUCTS_DIR)/thaidict.app/thaidict";
			};
			name = Debug;
		};
		697A6AFD1A6F8D6B008A893A /* Release */ = {
			isa = XCBuildConfiguration;
			buildSettings = {
				BUNDLE_LOADER = "$(TEST_HOST)";
				FRAMEWORK_SEARCH_PATHS = (
					"$(SDKROOT)/Developer/Library/Frameworks",
					"$(inherited)",
				);
				INFOPLIST_FILE = thaidictTests/Info.plist;
				LD_RUNPATH_SEARCH_PATHS = "$(inherited) @executable_path/Frameworks @loader_path/Frameworks";
				PRODUCT_NAME = "$(TARGET_NAME)";
				TEST_HOST = "$(BUILT_PRODUCTS_DIR)/thaidict.app/thaidict";
			};
			name = Release;
		};
/* End XCBuildConfiguration section */

/* Begin XCConfigurationList section */
		697A6ACD1A6F8D6A008A893A /* Build configuration list for PBXProject "thaidict" */ = {
			isa = XCConfigurationList;
			buildConfigurations = (
				697A6AF61A6F8D6B008A893A /* Debug */,
				697A6AF71A6F8D6B008A893A /* Release */,
			);
			defaultConfigurationIsVisible = 0;
			defaultConfigurationName = Release;
		};
		697A6AF81A6F8D6B008A893A /* Build configuration list for PBXNativeTarget "thaidict" */ = {
			isa = XCConfigurationList;
			buildConfigurations = (
				697A6AF91A6F8D6B008A893A /* Debug */,
				697A6AFA1A6F8D6B008A893A /* Release */,
			);
			defaultConfigurationIsVisible = 0;
		};
		697A6AFB1A6F8D6B008A893A /* Build configuration list for PBXNativeTarget "thaidictTests" */ = {
			isa = XCConfigurationList;
			buildConfigurations = (
				697A6AFC1A6F8D6B008A893A /* Debug */,
				697A6AFD1A6F8D6B008A893A /* Release */,
			);
			defaultConfigurationIsVisible = 0;
		};
/* End XCConfigurationList section */

/* Begin XCVersionGroup section */
		697A6ADC1A6F8D6A008A893A /* thaidict.xcdatamodeld */ = {
			isa = XCVersionGroup;
			children = (
				697A6ADD1A6F8D6A008A893A /* thaidict.xcdatamodel */,
			);
			currentVersion = 697A6ADD1A6F8D6A008A893A /* thaidict.xcdatamodel */;
			path = thaidict.xcdatamodeld;
			sourceTree = "<group>";
			versionGroupType = wrapper.xcdatamodel;
		};
/* End XCVersionGroup section */
	};
	rootObject = 697A6ACA1A6F8D6A008A893A /* Project object */;
}
