// !$*UTF8*$!
{
	archiveVersion = 1;
	classes = {
	};
	objectVersion = 46;
	objects = {

/* Begin PBXBuildFile section */
		6906AF101A88C30C00087B93 /* HistoryViewController.m in Sources */ = {isa = PBXBuildFile; fileRef = 6906AF0F1A88C30C00087B93 /* HistoryViewController.m */; };
		693A53771A91E2B80081120C /* SplitViewSearch.m in Sources */ = {isa = PBXBuildFile; fileRef = 693A53761A91E2B80081120C /* SplitViewSearch.m */; };
		694B49631AA04FD40015A546 /* DetailVocab.m in Sources */ = {isa = PBXBuildFile; fileRef = 694B49621AA04FD40015A546 /* DetailVocab.m */; };
		694B49661AA078970015A546 /* DefinitionCell.m in Sources */ = {isa = PBXBuildFile; fileRef = 694B49651AA078970015A546 /* DefinitionCell.m */; };
		694B49691AA079850015A546 /* SampleCell.m in Sources */ = {isa = PBXBuildFile; fileRef = 694B49681AA079850015A546 /* SampleCell.m */; };
		694B496C1AA079910015A546 /* ImageCell.m in Sources */ = {isa = PBXBuildFile; fileRef = 694B496B1AA079910015A546 /* ImageCell.m */; };
		6955AD291A9322000017D45F /* VocabCell.m in Sources */ = {isa = PBXBuildFile; fileRef = 6955AD281A9322000017D45F /* VocabCell.m */; };
		695981F71A70965D00C2002D /* DetailVocabViewController.m in Sources */ = {isa = PBXBuildFile; fileRef = 695981F61A70965D00C2002D /* DetailVocabViewController.m */; };
		696343FF1AA4359D0099BCF9 /* Social.framework in Frameworks */ = {isa = PBXBuildFile; fileRef = 696343FE1AA4359D0099BCF9 /* Social.framework */; };
		696344021AA4422B0099BCF9 /* fav_off2.png in Resources */ = {isa = PBXBuildFile; fileRef = 696344001AA4422B0099BCF9 /* fav_off2.png */; };
		696344031AA4422B0099BCF9 /* fav_on1.png in Resources */ = {isa = PBXBuildFile; fileRef = 696344011AA4422B0099BCF9 /* fav_on1.png */; };
		697544F61A91956F009ACB65 /* HTMLNode.m in Sources */ = {isa = PBXBuildFile; fileRef = 697544F31A91956F009ACB65 /* HTMLNode.m */; };
		697544F71A91956F009ACB65 /* HTMLParser.m in Sources */ = {isa = PBXBuildFile; fileRef = 697544F51A91956F009ACB65 /* HTMLParser.m */; };
		697544FB1A919650009ACB65 /* APSample.m in Sources */ = {isa = PBXBuildFile; fileRef = 697544FA1A919650009ACB65 /* APSample.m */; };
		697544FD1A919812009ACB65 /* libxml2.dylib in Frameworks */ = {isa = PBXBuildFile; fileRef = 697544FC1A919812009ACB65 /* libxml2.dylib */; };
		697545001A919A51009ACB65 /* Connect.m in Sources */ = {isa = PBXBuildFile; fileRef = 697544FF1A919A51009ACB65 /* Connect.m */; };
		697545031A91B20C009ACB65 /* NSString_stripHtml.m in Sources */ = {isa = PBXBuildFile; fileRef = 697545021A91B20C009ACB65 /* NSString_stripHtml.m */; };
		69784C9D1A9D8FB9000E6B73 /* WYPopoverController.m in Sources */ = {isa = PBXBuildFile; fileRef = 69784C9A1A9D8FB9000E6B73 /* WYPopoverController.m */; };
		69784C9E1A9D8FB9000E6B73 /* WYStoryboardPopoverSegue.m in Sources */ = {isa = PBXBuildFile; fileRef = 69784C9C1A9D8FB9000E6B73 /* WYStoryboardPopoverSegue.m */; };
		69784CA01A9D96A0000E6B73 /* QuartzCore.framework in Frameworks */ = {isa = PBXBuildFile; fileRef = 69784C9F1A9D96A0000E6B73 /* QuartzCore.framework */; };
		69784CA21A9D96A9000E6B73 /* CoreGraphics.framework in Frameworks */ = {isa = PBXBuildFile; fileRef = 69784CA11A9D96A9000E6B73 /* CoreGraphics.framework */; };
		69784CA51A9D980A000E6B73 /* PopOverDetail.m in Sources */ = {isa = PBXBuildFile; fileRef = 69784CA41A9D980A000E6B73 /* PopOverDetail.m */; };
		697A6AD81A6F8D6A008A893A /* main.m in Sources */ = {isa = PBXBuildFile; fileRef = 697A6AD71A6F8D6A008A893A /* main.m */; };
		697A6ADB1A6F8D6A008A893A /* AppDelegate.m in Sources */ = {isa = PBXBuildFile; fileRef = 697A6ADA1A6F8D6A008A893A /* AppDelegate.m */; };
		697A6ADE1A6F8D6B008A893A /* thaidict.xcdatamodeld in Sources */ = {isa = PBXBuildFile; fileRef = 697A6ADC1A6F8D6A008A893A /* thaidict.xcdatamodeld */; };
		697A6AE41A6F8D6B008A893A /* Main.storyboard in Resources */ = {isa = PBXBuildFile; fileRef = 697A6AE21A6F8D6B008A893A /* Main.storyboard */; };
		697A6AE61A6F8D6B008A893A /* Images.xcassets in Resources */ = {isa = PBXBuildFile; fileRef = 697A6AE51A6F8D6B008A893A /* Images.xcassets */; };
		697A6AE91A6F8D6B008A893A /* LaunchScreen.xib in Resources */ = {isa = PBXBuildFile; fileRef = 697A6AE71A6F8D6B008A893A /* LaunchScreen.xib */; };
		697A6AF51A6F8D6B008A893A /* thaidictTests.m in Sources */ = {isa = PBXBuildFile; fileRef = 697A6AF41A6F8D6B008A893A /* thaidictTests.m */; };
		697A6B381A6F955B008A893A /* SearchViewController.m in Sources */ = {isa = PBXBuildFile; fileRef = 697A6B371A6F955B008A893A /* SearchViewController.m */; };
		697A6BB21A6F989E008A893A /* NSMutableArray+SWUtilityButtons.m in Sources */ = {isa = PBXBuildFile; fileRef = 697A6BA71A6F989E008A893A /* NSMutableArray+SWUtilityButtons.m */; };
		697A6BB31A6F989E008A893A /* SWCellScrollView.m in Sources */ = {isa = PBXBuildFile; fileRef = 697A6BA91A6F989E008A893A /* SWCellScrollView.m */; };
		697A6BB41A6F989E008A893A /* SWLongPressGestureRecognizer.m in Sources */ = {isa = PBXBuildFile; fileRef = 697A6BAB1A6F989E008A893A /* SWLongPressGestureRecognizer.m */; };
		697A6BB51A6F989E008A893A /* SWTableViewCell.m in Sources */ = {isa = PBXBuildFile; fileRef = 697A6BAD1A6F989E008A893A /* SWTableViewCell.m */; };
		697A6BB61A6F989E008A893A /* SWUtilityButtonTapGestureRecognizer.m in Sources */ = {isa = PBXBuildFile; fileRef = 697A6BAF1A6F989E008A893A /* SWUtilityButtonTapGestureRecognizer.m */; };
		697A6BB71A6F989E008A893A /* SWUtilityButtonView.m in Sources */ = {isa = PBXBuildFile; fileRef = 697A6BB11A6F989E008A893A /* SWUtilityButtonView.m */; };
		697A6BEB1A6F98BC008A893A /* AFHTTPRequestOperation.m in Sources */ = {isa = PBXBuildFile; fileRef = 697A6BBC1A6F98BC008A893A /* AFHTTPRequestOperation.m */; };
		697A6BEC1A6F98BC008A893A /* AFHTTPRequestOperationManager.m in Sources */ = {isa = PBXBuildFile; fileRef = 697A6BBE1A6F98BC008A893A /* AFHTTPRequestOperationManager.m */; };
		697A6BED1A6F98BC008A893A /* AFHTTPSessionManager.m in Sources */ = {isa = PBXBuildFile; fileRef = 697A6BC01A6F98BC008A893A /* AFHTTPSessionManager.m */; };
		697A6BEE1A6F98BC008A893A /* AFNetworkReachabilityManager.m in Sources */ = {isa = PBXBuildFile; fileRef = 697A6BC31A6F98BC008A893A /* AFNetworkReachabilityManager.m */; };
		697A6BEF1A6F98BC008A893A /* AFSecurityPolicy.m in Sources */ = {isa = PBXBuildFile; fileRef = 697A6BC51A6F98BC008A893A /* AFSecurityPolicy.m */; };
		697A6BF01A6F98BC008A893A /* AFURLConnectionOperation.m in Sources */ = {isa = PBXBuildFile; fileRef = 697A6BC71A6F98BC008A893A /* AFURLConnectionOperation.m */; };
		697A6BF11A6F98BC008A893A /* AFURLRequestSerialization.m in Sources */ = {isa = PBXBuildFile; fileRef = 697A6BC91A6F98BC008A893A /* AFURLRequestSerialization.m */; };
		697A6BF21A6F98BC008A893A /* AFURLResponseSerialization.m in Sources */ = {isa = PBXBuildFile; fileRef = 697A6BCB1A6F98BC008A893A /* AFURLResponseSerialization.m */; };
		697A6BF31A6F98BC008A893A /* AFURLSessionManager.m in Sources */ = {isa = PBXBuildFile; fileRef = 697A6BCD1A6F98BC008A893A /* AFURLSessionManager.m */; };
		697A6BF41A6F98BC008A893A /* FMDatabase.m in Sources */ = {isa = PBXBuildFile; fileRef = 697A6BCF1A6F98BC008A893A /* FMDatabase.m */; };
		697A6BF51A6F98BC008A893A /* FMDatabaseAdditions.m in Sources */ = {isa = PBXBuildFile; fileRef = 697A6BD11A6F98BC008A893A /* FMDatabaseAdditions.m */; };
		697A6BF61A6F98BC008A893A /* FMDatabasePool.m in Sources */ = {isa = PBXBuildFile; fileRef = 697A6BD31A6F98BC008A893A /* FMDatabasePool.m */; };
		697A6BF71A6F98BC008A893A /* FMDatabaseQueue.m in Sources */ = {isa = PBXBuildFile; fileRef = 697A6BD51A6F98BC008A893A /* FMDatabaseQueue.m */; };
		697A6BF81A6F98BC008A893A /* FMResultSet.m in Sources */ = {isa = PBXBuildFile; fileRef = 697A6BD81A6F98BC008A893A /* FMResultSet.m */; };
		697A6BF91A6F98BC008A893A /* AFNetworkActivityIndicatorManager.m in Sources */ = {isa = PBXBuildFile; fileRef = 697A6BDB1A6F98BC008A893A /* AFNetworkActivityIndicatorManager.m */; };
		697A6BFA1A6F98BC008A893A /* UIActivityIndicatorView+AFNetworking.m in Sources */ = {isa = PBXBuildFile; fileRef = 697A6BDD1A6F98BC008A893A /* UIActivityIndicatorView+AFNetworking.m */; };
		697A6BFB1A6F98BC008A893A /* UIAlertView+AFNetworking.m in Sources */ = {isa = PBXBuildFile; fileRef = 697A6BDF1A6F98BC008A893A /* UIAlertView+AFNetworking.m */; };
		697A6BFC1A6F98BC008A893A /* UIButton+AFNetworking.m in Sources */ = {isa = PBXBuildFile; fileRef = 697A6BE11A6F98BC008A893A /* UIButton+AFNetworking.m */; };
		697A6BFD1A6F98BC008A893A /* UIImageView+AFNetworking.m in Sources */ = {isa = PBXBuildFile; fileRef = 697A6BE31A6F98BC008A893A /* UIImageView+AFNetworking.m */; };
		697A6BFE1A6F98BC008A893A /* UIProgressView+AFNetworking.m in Sources */ = {isa = PBXBuildFile; fileRef = 697A6BE61A6F98BC008A893A /* UIProgressView+AFNetworking.m */; };
		697A6BFF1A6F98BC008A893A /* UIRefreshControl+AFNetworking.m in Sources */ = {isa = PBXBuildFile; fileRef = 697A6BE81A6F98BC008A893A /* UIRefreshControl+AFNetworking.m */; };
		697A6C001A6F98BC008A893A /* UIWebView+AFNetworking.m in Sources */ = {isa = PBXBuildFile; fileRef = 697A6BEA1A6F98BC008A893A /* UIWebView+AFNetworking.m */; };
		697A6C031A6F991C008A893A /* libsqlite3.0.dylib in Frameworks */ = {isa = PBXBuildFile; fileRef = 697A6C021A6F991C008A893A /* libsqlite3.0.dylib */; };
		697A6C061A6F99EE008A893A /* DB.m in Sources */ = {isa = PBXBuildFile; fileRef = 697A6C051A6F99EE008A893A /* DB.m */; };
		697A6C0F1A6FA0E6008A893A /* Language.m in Sources */ = {isa = PBXBuildFile; fileRef = 697A6C0E1A6FA0E6008A893A /* Language.m */; };
		697A6C121A6FA2E4008A893A /* Vocab.m in Sources */ = {isa = PBXBuildFile; fileRef = 697A6C111A6FA2E4008A893A /* Vocab.m */; };
		697A6C171A6FA5C7008A893A /* APImage.m in Sources */ = {isa = PBXBuildFile; fileRef = 697A6C141A6FA5C7008A893A /* APImage.m */; };
		697A6C181A6FA5C7008A893A /* APSpeech.m in Sources */ = {isa = PBXBuildFile; fileRef = 697A6C161A6FA5C7008A893A /* APSpeech.m */; };
		697A6C1A1A6FB310008A893A /* lexitron2.sqlite in Resources */ = {isa = PBXBuildFile; fileRef = 697A6C191A6FB310008A893A /* lexitron2.sqlite */; };
		6984DAD51AAD9ADB003F800C /* AAMFeedbackTopicsViewController.m in Sources */ = {isa = PBXBuildFile; fileRef = 6984DAC81AAD9ADB003F800C /* AAMFeedbackTopicsViewController.m */; };
		6984DAD61AAD9ADB003F800C /* AAMFeedbackViewController.m in Sources */ = {isa = PBXBuildFile; fileRef = 6984DACA1AAD9ADB003F800C /* AAMFeedbackViewController.m */; };
		6984DAD71AAD9ADB003F800C /* Localizable.strings in Resources */ = {isa = PBXBuildFile; fileRef = 6984DACC1AAD9ADB003F800C /* Localizable.strings */; };
		6984DAD81AAD9ADB003F800C /* FeedbackService.m in Sources */ = {isa = PBXBuildFile; fileRef = 6984DACF1AAD9ADB003F800C /* FeedbackService.m */; };
		6984DAD91AAD9ADB003F800C /* Localizable.strings in Resources */ = {isa = PBXBuildFile; fileRef = 6984DAD11AAD9ADB003F800C /* Localizable.strings */; };
		6984DADA1AAD9ADB003F800C /* MyAlert.m in Sources */ = {isa = PBXBuildFile; fileRef = 6984DAD41AAD9ADB003F800C /* MyAlert.m */; };
		69BC97781A8361250019F71B /* Edit_Fav_ViewController.m in Sources */ = {isa = PBXBuildFile; fileRef = 69BC97771A8361250019F71B /* Edit_Fav_ViewController.m */; };
		69C230571AA594B6003D8570 /* icon-speak.png in Resources */ = {isa = PBXBuildFile; fileRef = 69C230561AA594B6003D8570 /* icon-speak.png */; };
		69C2305A1AA59AF3003D8570 /* speak-icon(flat).png in Resources */ = {isa = PBXBuildFile; fileRef = 69C230591AA59AF3003D8570 /* speak-icon(flat).png */; };
		69C2305C1AA59AFF003D8570 /* share-icon.png in Resources */ = {isa = PBXBuildFile; fileRef = 69C2305B1AA59AFF003D8570 /* share-icon.png */; };
		69C2305F1AA59D37003D8570 /* fav_off.png in Resources */ = {isa = PBXBuildFile; fileRef = 69C2305D1AA59D37003D8570 /* fav_off.png */; };
		69C230601AA59D37003D8570 /* fav_on.png in Resources */ = {isa = PBXBuildFile; fileRef = 69C2305E1AA59D37003D8570 /* fav_on.png */; };
		69C5AABF1A9B12CF0024546F /* no.png in Resources */ = {isa = PBXBuildFile; fileRef = 69C5AABE1A9B12CF0024546F /* no.png */; };
		69C9FF9C1A7787FA0059BB6B /* Favorite.m in Sources */ = {isa = PBXBuildFile; fileRef = 69C9FF9B1A7787FA0059BB6B /* Favorite.m */; };
		69C9FF9F1A7788040059BB6B /* History.m in Sources */ = {isa = PBXBuildFile; fileRef = 69C9FF9E1A7788040059BB6B /* History.m */; };
		69DF55D91A77513500BBCDEC /* FavoriteViewController.m in Sources */ = {isa = PBXBuildFile; fileRef = 69DF55D81A77513500BBCDEC /* FavoriteViewController.m */; };
/* End PBXBuildFile section */

/* Begin PBXContainerItemProxy section */
		697A6AEF1A6F8D6B008A893A /* PBXContainerItemProxy */ = {
			isa = PBXContainerItemProxy;
			containerPortal = 697A6ACA1A6F8D6A008A893A /* Project object */;
			proxyType = 1;
			remoteGlobalIDString = 697A6AD11A6F8D6A008A893A;
			remoteInfo = thaidict;
		};
/* End PBXContainerItemProxy section */

/* Begin PBXFileReference section */
		6906AF0E1A88C30C00087B93 /* HistoryViewController.h */ = {isa = PBXFileReference; fileEncoding = 4; lastKnownFileType = sourcecode.c.h; path = HistoryViewController.h; sourceTree = "<group>"; };
		6906AF0F1A88C30C00087B93 /* HistoryViewController.m */ = {isa = PBXFileReference; fileEncoding = 4; lastKnownFileType = sourcecode.c.objc; path = HistoryViewController.m; sourceTree = "<group>"; };
		693A53751A91E2B80081120C /* SplitViewSearch.h */ = {isa = PBXFileReference; fileEncoding = 4; lastKnownFileType = sourcecode.c.h; path = SplitViewSearch.h; sourceTree = "<group>"; };
		693A53761A91E2B80081120C /* SplitViewSearch.m */ = {isa = PBXFileReference; fileEncoding = 4; lastKnownFileType = sourcecode.c.objc; path = SplitViewSearch.m; sourceTree = "<group>"; };
		694B49611AA04FD40015A546 /* DetailVocab.h */ = {isa = PBXFileReference; fileEncoding = 4; lastKnownFileType = sourcecode.c.h; path = DetailVocab.h; sourceTree = "<group>"; };
		694B49621AA04FD40015A546 /* DetailVocab.m */ = {isa = PBXFileReference; fileEncoding = 4; lastKnownFileType = sourcecode.c.objc; path = DetailVocab.m; sourceTree = "<group>"; };
		694B49641AA078970015A546 /* DefinitionCell.h */ = {isa = PBXFileReference; fileEncoding = 4; lastKnownFileType = sourcecode.c.h; path = DefinitionCell.h; sourceTree = "<group>"; };
		694B49651AA078970015A546 /* DefinitionCell.m */ = {isa = PBXFileReference; fileEncoding = 4; lastKnownFileType = sourcecode.c.objc; path = DefinitionCell.m; sourceTree = "<group>"; };
		694B49671AA079850015A546 /* SampleCell.h */ = {isa = PBXFileReference; fileEncoding = 4; lastKnownFileType = sourcecode.c.h; path = SampleCell.h; sourceTree = "<group>"; };
		694B49681AA079850015A546 /* SampleCell.m */ = {isa = PBXFileReference; fileEncoding = 4; lastKnownFileType = sourcecode.c.objc; path = SampleCell.m; sourceTree = "<group>"; };
		694B496A1AA079910015A546 /* ImageCell.h */ = {isa = PBXFileReference; fileEncoding = 4; lastKnownFileType = sourcecode.c.h; path = ImageCell.h; sourceTree = "<group>"; };
		694B496B1AA079910015A546 /* ImageCell.m */ = {isa = PBXFileReference; fileEncoding = 4; lastKnownFileType = sourcecode.c.objc; path = ImageCell.m; sourceTree = "<group>"; };
		6955AD271A9322000017D45F /* VocabCell.h */ = {isa = PBXFileReference; fileEncoding = 4; lastKnownFileType = sourcecode.c.h; path = VocabCell.h; sourceTree = "<group>"; };
		6955AD281A9322000017D45F /* VocabCell.m */ = {isa = PBXFileReference; fileEncoding = 4; lastKnownFileType = sourcecode.c.objc; path = VocabCell.m; sourceTree = "<group>"; };
		695981F51A70965D00C2002D /* DetailVocabViewController.h */ = {isa = PBXFileReference; fileEncoding = 4; lastKnownFileType = sourcecode.c.h; path = DetailVocabViewController.h; sourceTree = "<group>"; };
		695981F61A70965D00C2002D /* DetailVocabViewController.m */ = {isa = PBXFileReference; fileEncoding = 4; lastKnownFileType = sourcecode.c.objc; path = DetailVocabViewController.m; sourceTree = "<group>"; };
		696343FE1AA4359D0099BCF9 /* Social.framework */ = {isa = PBXFileReference; lastKnownFileType = wrapper.framework; name = Social.framework; path = System/Library/Frameworks/Social.framework; sourceTree = SDKROOT; };
		696344001AA4422B0099BCF9 /* fav_off2.png */ = {isa = PBXFileReference; lastKnownFileType = image.png; path = fav_off2.png; sourceTree = "<group>"; };
		696344011AA4422B0099BCF9 /* fav_on1.png */ = {isa = PBXFileReference; lastKnownFileType = image.png; path = fav_on1.png; sourceTree = "<group>"; };
		697544F21A91956F009ACB65 /* HTMLNode.h */ = {isa = PBXFileReference; fileEncoding = 4; lastKnownFileType = sourcecode.c.h; path = HTMLNode.h; sourceTree = "<group>"; };
		697544F31A91956F009ACB65 /* HTMLNode.m */ = {isa = PBXFileReference; fileEncoding = 4; lastKnownFileType = sourcecode.c.objc; path = HTMLNode.m; sourceTree = "<group>"; };
		697544F41A91956F009ACB65 /* HTMLParser.h */ = {isa = PBXFileReference; fileEncoding = 4; lastKnownFileType = sourcecode.c.h; path = HTMLParser.h; sourceTree = "<group>"; };
		697544F51A91956F009ACB65 /* HTMLParser.m */ = {isa = PBXFileReference; fileEncoding = 4; lastKnownFileType = sourcecode.c.objc; path = HTMLParser.m; sourceTree = "<group>"; };
		697544F91A919650009ACB65 /* APSample.h */ = {isa = PBXFileReference; fileEncoding = 4; lastKnownFileType = sourcecode.c.h; path = APSample.h; sourceTree = "<group>"; };
		697544FA1A919650009ACB65 /* APSample.m */ = {isa = PBXFileReference; fileEncoding = 4; lastKnownFileType = sourcecode.c.objc; path = APSample.m; sourceTree = "<group>"; };
		697544FC1A919812009ACB65 /* libxml2.dylib */ = {isa = PBXFileReference; lastKnownFileType = "compiled.mach-o.dylib"; name = libxml2.dylib; path = usr/lib/libxml2.dylib; sourceTree = SDKROOT; };
		697544FE1A919A51009ACB65 /* Connect.h */ = {isa = PBXFileReference; fileEncoding = 4; lastKnownFileType = sourcecode.c.h; path = Connect.h; sourceTree = "<group>"; };
		697544FF1A919A51009ACB65 /* Connect.m */ = {isa = PBXFileReference; fileEncoding = 4; lastKnownFileType = sourcecode.c.objc; path = Connect.m; sourceTree = "<group>"; };
		697545011A91B20C009ACB65 /* NSString_stripHtml.h */ = {isa = PBXFileReference; fileEncoding = 4; lastKnownFileType = sourcecode.c.h; path = NSString_stripHtml.h; sourceTree = "<group>"; };
		697545021A91B20C009ACB65 /* NSString_stripHtml.m */ = {isa = PBXFileReference; fileEncoding = 4; lastKnownFileType = sourcecode.c.objc; path = NSString_stripHtml.m; sourceTree = "<group>"; };
		69784C991A9D8FB9000E6B73 /* WYPopoverController.h */ = {isa = PBXFileReference; fileEncoding = 4; lastKnownFileType = sourcecode.c.h; path = WYPopoverController.h; sourceTree = "<group>"; };
		69784C9A1A9D8FB9000E6B73 /* WYPopoverController.m */ = {isa = PBXFileReference; fileEncoding = 4; lastKnownFileType = sourcecode.c.objc; path = WYPopoverController.m; sourceTree = "<group>"; };
		69784C9B1A9D8FB9000E6B73 /* WYStoryboardPopoverSegue.h */ = {isa = PBXFileReference; fileEncoding = 4; lastKnownFileType = sourcecode.c.h; path = WYStoryboardPopoverSegue.h; sourceTree = "<group>"; };
		69784C9C1A9D8FB9000E6B73 /* WYStoryboardPopoverSegue.m */ = {isa = PBXFileReference; fileEncoding = 4; lastKnownFileType = sourcecode.c.objc; path = WYStoryboardPopoverSegue.m; sourceTree = "<group>"; };
		69784C9F1A9D96A0000E6B73 /* QuartzCore.framework */ = {isa = PBXFileReference; lastKnownFileType = wrapper.framework; name = QuartzCore.framework; path = System/Library/Frameworks/QuartzCore.framework; sourceTree = SDKROOT; };
		69784CA11A9D96A9000E6B73 /* CoreGraphics.framework */ = {isa = PBXFileReference; lastKnownFileType = wrapper.framework; name = CoreGraphics.framework; path = System/Library/Frameworks/CoreGraphics.framework; sourceTree = SDKROOT; };
		69784CA31A9D980A000E6B73 /* PopOverDetail.h */ = {isa = PBXFileReference; fileEncoding = 4; lastKnownFileType = sourcecode.c.h; path = PopOverDetail.h; sourceTree = "<group>"; };
		69784CA41A9D980A000E6B73 /* PopOverDetail.m */ = {isa = PBXFileReference; fileEncoding = 4; lastKnownFileType = sourcecode.c.objc; path = PopOverDetail.m; sourceTree = "<group>"; };
		697A6AD21A6F8D6A008A893A /* thaidict.app */ = {isa = PBXFileReference; explicitFileType = wrapper.application; includeInIndex = 0; path = thaidict.app; sourceTree = BUILT_PRODUCTS_DIR; };
		697A6AD61A6F8D6A008A893A /* Info.plist */ = {isa = PBXFileReference; lastKnownFileType = text.plist.xml; path = Info.plist; sourceTree = "<group>"; };
		697A6AD71A6F8D6A008A893A /* main.m */ = {isa = PBXFileReference; lastKnownFileType = sourcecode.c.objc; path = main.m; sourceTree = "<group>"; };
		697A6AD91A6F8D6A008A893A /* AppDelegate.h */ = {isa = PBXFileReference; lastKnownFileType = sourcecode.c.h; path = AppDelegate.h; sourceTree = "<group>"; };
		697A6ADA1A6F8D6A008A893A /* AppDelegate.m */ = {isa = PBXFileReference; lastKnownFileType = sourcecode.c.objc; path = AppDelegate.m; sourceTree = "<group>"; };
		697A6ADD1A6F8D6A008A893A /* thaidict.xcdatamodel */ = {isa = PBXFileReference; lastKnownFileType = wrapper.xcdatamodel; path = thaidict.xcdatamodel; sourceTree = "<group>"; };
		697A6AE31A6F8D6B008A893A /* Base */ = {isa = PBXFileReference; lastKnownFileType = file.storyboard; name = Base; path = Base.lproj/Main.storyboard; sourceTree = "<group>"; };
		697A6AE51A6F8D6B008A893A /* Images.xcassets */ = {isa = PBXFileReference; lastKnownFileType = folder.assetcatalog; path = Images.xcassets; sourceTree = "<group>"; };
		697A6AE81A6F8D6B008A893A /* Base */ = {isa = PBXFileReference; lastKnownFileType = file.xib; name = Base; path = Base.lproj/LaunchScreen.xib; sourceTree = "<group>"; };
		697A6AEE1A6F8D6B008A893A /* thaidictTests.xctest */ = {isa = PBXFileReference; explicitFileType = wrapper.cfbundle; includeInIndex = 0; path = thaidictTests.xctest; sourceTree = BUILT_PRODUCTS_DIR; };
		697A6AF31A6F8D6B008A893A /* Info.plist */ = {isa = PBXFileReference; lastKnownFileType = text.plist.xml; path = Info.plist; sourceTree = "<group>"; };
		697A6AF41A6F8D6B008A893A /* thaidictTests.m */ = {isa = PBXFileReference; lastKnownFileType = sourcecode.c.objc; path = thaidictTests.m; sourceTree = "<group>"; };
		697A6B361A6F955B008A893A /* SearchViewController.h */ = {isa = PBXFileReference; fileEncoding = 4; lastKnownFileType = sourcecode.c.h; path = SearchViewController.h; sourceTree = "<group>"; };
		697A6B371A6F955B008A893A /* SearchViewController.m */ = {isa = PBXFileReference; fileEncoding = 4; lastKnownFileType = sourcecode.c.objc; path = SearchViewController.m; sourceTree = "<group>"; };
		697A6BA61A6F989E008A893A /* NSMutableArray+SWUtilityButtons.h */ = {isa = PBXFileReference; fileEncoding = 4; lastKnownFileType = sourcecode.c.h; name = "NSMutableArray+SWUtilityButtons.h"; path = "PodFiles/NSMutableArray+SWUtilityButtons.h"; sourceTree = "<group>"; };
		697A6BA71A6F989E008A893A /* NSMutableArray+SWUtilityButtons.m */ = {isa = PBXFileReference; fileEncoding = 4; lastKnownFileType = sourcecode.c.objc; name = "NSMutableArray+SWUtilityButtons.m"; path = "PodFiles/NSMutableArray+SWUtilityButtons.m"; sourceTree = "<group>"; };
		697A6BA81A6F989E008A893A /* SWCellScrollView.h */ = {isa = PBXFileReference; fileEncoding = 4; lastKnownFileType = sourcecode.c.h; name = SWCellScrollView.h; path = PodFiles/SWCellScrollView.h; sourceTree = "<group>"; };
		697A6BA91A6F989E008A893A /* SWCellScrollView.m */ = {isa = PBXFileReference; fileEncoding = 4; lastKnownFileType = sourcecode.c.objc; name = SWCellScrollView.m; path = PodFiles/SWCellScrollView.m; sourceTree = "<group>"; };
		697A6BAA1A6F989E008A893A /* SWLongPressGestureRecognizer.h */ = {isa = PBXFileReference; fileEncoding = 4; lastKnownFileType = sourcecode.c.h; name = SWLongPressGestureRecognizer.h; path = PodFiles/SWLongPressGestureRecognizer.h; sourceTree = "<group>"; };
		697A6BAB1A6F989E008A893A /* SWLongPressGestureRecognizer.m */ = {isa = PBXFileReference; fileEncoding = 4; lastKnownFileType = sourcecode.c.objc; name = SWLongPressGestureRecognizer.m; path = PodFiles/SWLongPressGestureRecognizer.m; sourceTree = "<group>"; };
		697A6BAC1A6F989E008A893A /* SWTableViewCell.h */ = {isa = PBXFileReference; fileEncoding = 4; lastKnownFileType = sourcecode.c.h; name = SWTableViewCell.h; path = PodFiles/SWTableViewCell.h; sourceTree = "<group>"; };
		697A6BAD1A6F989E008A893A /* SWTableViewCell.m */ = {isa = PBXFileReference; fileEncoding = 4; lastKnownFileType = sourcecode.c.objc; name = SWTableViewCell.m; path = PodFiles/SWTableViewCell.m; sourceTree = "<group>"; };
		697A6BAE1A6F989E008A893A /* SWUtilityButtonTapGestureRecognizer.h */ = {isa = PBXFileReference; fileEncoding = 4; lastKnownFileType = sourcecode.c.h; name = SWUtilityButtonTapGestureRecognizer.h; path = PodFiles/SWUtilityButtonTapGestureRecognizer.h; sourceTree = "<group>"; };
		697A6BAF1A6F989E008A893A /* SWUtilityButtonTapGestureRecognizer.m */ = {isa = PBXFileReference; fileEncoding = 4; lastKnownFileType = sourcecode.c.objc; name = SWUtilityButtonTapGestureRecognizer.m; path = PodFiles/SWUtilityButtonTapGestureRecognizer.m; sourceTree = "<group>"; };
		697A6BB01A6F989E008A893A /* SWUtilityButtonView.h */ = {isa = PBXFileReference; fileEncoding = 4; lastKnownFileType = sourcecode.c.h; name = SWUtilityButtonView.h; path = PodFiles/SWUtilityButtonView.h; sourceTree = "<group>"; };
		697A6BB11A6F989E008A893A /* SWUtilityButtonView.m */ = {isa = PBXFileReference; fileEncoding = 4; lastKnownFileType = sourcecode.c.objc; name = SWUtilityButtonView.m; path = PodFiles/SWUtilityButtonView.m; sourceTree = "<group>"; };
		697A6BBB1A6F98BC008A893A /* AFHTTPRequestOperation.h */ = {isa = PBXFileReference; fileEncoding = 4; lastKnownFileType = sourcecode.c.h; path = AFHTTPRequestOperation.h; sourceTree = "<group>"; };
		697A6BBC1A6F98BC008A893A /* AFHTTPRequestOperation.m */ = {isa = PBXFileReference; fileEncoding = 4; lastKnownFileType = sourcecode.c.objc; path = AFHTTPRequestOperation.m; sourceTree = "<group>"; };
		697A6BBD1A6F98BC008A893A /* AFHTTPRequestOperationManager.h */ = {isa = PBXFileReference; fileEncoding = 4; lastKnownFileType = sourcecode.c.h; path = AFHTTPRequestOperationManager.h; sourceTree = "<group>"; };
		697A6BBE1A6F98BC008A893A /* AFHTTPRequestOperationManager.m */ = {isa = PBXFileReference; fileEncoding = 4; lastKnownFileType = sourcecode.c.objc; path = AFHTTPRequestOperationManager.m; sourceTree = "<group>"; };
		697A6BBF1A6F98BC008A893A /* AFHTTPSessionManager.h */ = {isa = PBXFileReference; fileEncoding = 4; lastKnownFileType = sourcecode.c.h; path = AFHTTPSessionManager.h; sourceTree = "<group>"; };
		697A6BC01A6F98BC008A893A /* AFHTTPSessionManager.m */ = {isa = PBXFileReference; fileEncoding = 4; lastKnownFileType = sourcecode.c.objc; path = AFHTTPSessionManager.m; sourceTree = "<group>"; };
		697A6BC11A6F98BC008A893A /* AFNetworking.h */ = {isa = PBXFileReference; fileEncoding = 4; lastKnownFileType = sourcecode.c.h; path = AFNetworking.h; sourceTree = "<group>"; };
		697A6BC21A6F98BC008A893A /* AFNetworkReachabilityManager.h */ = {isa = PBXFileReference; fileEncoding = 4; lastKnownFileType = sourcecode.c.h; path = AFNetworkReachabilityManager.h; sourceTree = "<group>"; };
		697A6BC31A6F98BC008A893A /* AFNetworkReachabilityManager.m */ = {isa = PBXFileReference; fileEncoding = 4; lastKnownFileType = sourcecode.c.objc; path = AFNetworkReachabilityManager.m; sourceTree = "<group>"; };
		697A6BC41A6F98BC008A893A /* AFSecurityPolicy.h */ = {isa = PBXFileReference; fileEncoding = 4; lastKnownFileType = sourcecode.c.h; path = AFSecurityPolicy.h; sourceTree = "<group>"; };
		697A6BC51A6F98BC008A893A /* AFSecurityPolicy.m */ = {isa = PBXFileReference; fileEncoding = 4; lastKnownFileType = sourcecode.c.objc; path = AFSecurityPolicy.m; sourceTree = "<group>"; };
		697A6BC61A6F98BC008A893A /* AFURLConnectionOperation.h */ = {isa = PBXFileReference; fileEncoding = 4; lastKnownFileType = sourcecode.c.h; path = AFURLConnectionOperation.h; sourceTree = "<group>"; };
		697A6BC71A6F98BC008A893A /* AFURLConnectionOperation.m */ = {isa = PBXFileReference; fileEncoding = 4; lastKnownFileType = sourcecode.c.objc; path = AFURLConnectionOperation.m; sourceTree = "<group>"; };
		697A6BC81A6F98BC008A893A /* AFURLRequestSerialization.h */ = {isa = PBXFileReference; fileEncoding = 4; lastKnownFileType = sourcecode.c.h; path = AFURLRequestSerialization.h; sourceTree = "<group>"; };
		697A6BC91A6F98BC008A893A /* AFURLRequestSerialization.m */ = {isa = PBXFileReference; fileEncoding = 4; lastKnownFileType = sourcecode.c.objc; path = AFURLRequestSerialization.m; sourceTree = "<group>"; };
		697A6BCA1A6F98BC008A893A /* AFURLResponseSerialization.h */ = {isa = PBXFileReference; fileEncoding = 4; lastKnownFileType = sourcecode.c.h; path = AFURLResponseSerialization.h; sourceTree = "<group>"; };
		697A6BCB1A6F98BC008A893A /* AFURLResponseSerialization.m */ = {isa = PBXFileReference; fileEncoding = 4; lastKnownFileType = sourcecode.c.objc; path = AFURLResponseSerialization.m; sourceTree = "<group>"; };
		697A6BCC1A6F98BC008A893A /* AFURLSessionManager.h */ = {isa = PBXFileReference; fileEncoding = 4; lastKnownFileType = sourcecode.c.h; path = AFURLSessionManager.h; sourceTree = "<group>"; };
		697A6BCD1A6F98BC008A893A /* AFURLSessionManager.m */ = {isa = PBXFileReference; fileEncoding = 4; lastKnownFileType = sourcecode.c.objc; path = AFURLSessionManager.m; sourceTree = "<group>"; };
		697A6BCE1A6F98BC008A893A /* FMDatabase.h */ = {isa = PBXFileReference; fileEncoding = 4; lastKnownFileType = sourcecode.c.h; path = FMDatabase.h; sourceTree = "<group>"; };
		697A6BCF1A6F98BC008A893A /* FMDatabase.m */ = {isa = PBXFileReference; fileEncoding = 4; lastKnownFileType = sourcecode.c.objc; path = FMDatabase.m; sourceTree = "<group>"; };
		697A6BD01A6F98BC008A893A /* FMDatabaseAdditions.h */ = {isa = PBXFileReference; fileEncoding = 4; lastKnownFileType = sourcecode.c.h; path = FMDatabaseAdditions.h; sourceTree = "<group>"; };
		697A6BD11A6F98BC008A893A /* FMDatabaseAdditions.m */ = {isa = PBXFileReference; fileEncoding = 4; lastKnownFileType = sourcecode.c.objc; path = FMDatabaseAdditions.m; sourceTree = "<group>"; };
		697A6BD21A6F98BC008A893A /* FMDatabasePool.h */ = {isa = PBXFileReference; fileEncoding = 4; lastKnownFileType = sourcecode.c.h; path = FMDatabasePool.h; sourceTree = "<group>"; };
		697A6BD31A6F98BC008A893A /* FMDatabasePool.m */ = {isa = PBXFileReference; fileEncoding = 4; lastKnownFileType = sourcecode.c.objc; path = FMDatabasePool.m; sourceTree = "<group>"; };
		697A6BD41A6F98BC008A893A /* FMDatabaseQueue.h */ = {isa = PBXFileReference; fileEncoding = 4; lastKnownFileType = sourcecode.c.h; path = FMDatabaseQueue.h; sourceTree = "<group>"; };
		697A6BD51A6F98BC008A893A /* FMDatabaseQueue.m */ = {isa = PBXFileReference; fileEncoding = 4; lastKnownFileType = sourcecode.c.objc; path = FMDatabaseQueue.m; sourceTree = "<group>"; };
		697A6BD61A6F98BC008A893A /* FMDB.h */ = {isa = PBXFileReference; fileEncoding = 4; lastKnownFileType = sourcecode.c.h; path = FMDB.h; sourceTree = "<group>"; };
		697A6BD71A6F98BC008A893A /* FMResultSet.h */ = {isa = PBXFileReference; fileEncoding = 4; lastKnownFileType = sourcecode.c.h; path = FMResultSet.h; sourceTree = "<group>"; };
		697A6BD81A6F98BC008A893A /* FMResultSet.m */ = {isa = PBXFileReference; fileEncoding = 4; lastKnownFileType = sourcecode.c.objc; path = FMResultSet.m; sourceTree = "<group>"; };
		697A6BDA1A6F98BC008A893A /* AFNetworkActivityIndicatorManager.h */ = {isa = PBXFileReference; fileEncoding = 4; lastKnownFileType = sourcecode.c.h; path = AFNetworkActivityIndicatorManager.h; sourceTree = "<group>"; };
		697A6BDB1A6F98BC008A893A /* AFNetworkActivityIndicatorManager.m */ = {isa = PBXFileReference; fileEncoding = 4; lastKnownFileType = sourcecode.c.objc; path = AFNetworkActivityIndicatorManager.m; sourceTree = "<group>"; };
		697A6BDC1A6F98BC008A893A /* UIActivityIndicatorView+AFNetworking.h */ = {isa = PBXFileReference; fileEncoding = 4; lastKnownFileType = sourcecode.c.h; path = "UIActivityIndicatorView+AFNetworking.h"; sourceTree = "<group>"; };
		697A6BDD1A6F98BC008A893A /* UIActivityIndicatorView+AFNetworking.m */ = {isa = PBXFileReference; fileEncoding = 4; lastKnownFileType = sourcecode.c.objc; path = "UIActivityIndicatorView+AFNetworking.m"; sourceTree = "<group>"; };
		697A6BDE1A6F98BC008A893A /* UIAlertView+AFNetworking.h */ = {isa = PBXFileReference; fileEncoding = 4; lastKnownFileType = sourcecode.c.h; path = "UIAlertView+AFNetworking.h"; sourceTree = "<group>"; };
		697A6BDF1A6F98BC008A893A /* UIAlertView+AFNetworking.m */ = {isa = PBXFileReference; fileEncoding = 4; lastKnownFileType = sourcecode.c.objc; path = "UIAlertView+AFNetworking.m"; sourceTree = "<group>"; };
		697A6BE01A6F98BC008A893A /* UIButton+AFNetworking.h */ = {isa = PBXFileReference; fileEncoding = 4; lastKnownFileType = sourcecode.c.h; path = "UIButton+AFNetworking.h"; sourceTree = "<group>"; };
		697A6BE11A6F98BC008A893A /* UIButton+AFNetworking.m */ = {isa = PBXFileReference; fileEncoding = 4; lastKnownFileType = sourcecode.c.objc; path = "UIButton+AFNetworking.m"; sourceTree = "<group>"; };
		697A6BE21A6F98BC008A893A /* UIImageView+AFNetworking.h */ = {isa = PBXFileReference; fileEncoding = 4; lastKnownFileType = sourcecode.c.h; path = "UIImageView+AFNetworking.h"; sourceTree = "<group>"; };
		697A6BE31A6F98BC008A893A /* UIImageView+AFNetworking.m */ = {isa = PBXFileReference; fileEncoding = 4; lastKnownFileType = sourcecode.c.objc; path = "UIImageView+AFNetworking.m"; sourceTree = "<group>"; };
		697A6BE41A6F98BC008A893A /* UIKit+AFNetworking.h */ = {isa = PBXFileReference; fileEncoding = 4; lastKnownFileType = sourcecode.c.h; path = "UIKit+AFNetworking.h"; sourceTree = "<group>"; };
		697A6BE51A6F98BC008A893A /* UIProgressView+AFNetworking.h */ = {isa = PBXFileReference; fileEncoding = 4; lastKnownFileType = sourcecode.c.h; path = "UIProgressView+AFNetworking.h"; sourceTree = "<group>"; };
		697A6BE61A6F98BC008A893A /* UIProgressView+AFNetworking.m */ = {isa = PBXFileReference; fileEncoding = 4; lastKnownFileType = sourcecode.c.objc; path = "UIProgressView+AFNetworking.m"; sourceTree = "<group>"; };
		697A6BE71A6F98BC008A893A /* UIRefreshControl+AFNetworking.h */ = {isa = PBXFileReference; fileEncoding = 4; lastKnownFileType = sourcecode.c.h; path = "UIRefreshControl+AFNetworking.h"; sourceTree = "<group>"; };
		697A6BE81A6F98BC008A893A /* UIRefreshControl+AFNetworking.m */ = {isa = PBXFileReference; fileEncoding = 4; lastKnownFileType = sourcecode.c.objc; path = "UIRefreshControl+AFNetworking.m"; sourceTree = "<group>"; };
		697A6BE91A6F98BC008A893A /* UIWebView+AFNetworking.h */ = {isa = PBXFileReference; fileEncoding = 4; lastKnownFileType = sourcecode.c.h; path = "UIWebView+AFNetworking.h"; sourceTree = "<group>"; };
		697A6BEA1A6F98BC008A893A /* UIWebView+AFNetworking.m */ = {isa = PBXFileReference; fileEncoding = 4; lastKnownFileType = sourcecode.c.objc; path = "UIWebView+AFNetworking.m"; sourceTree = "<group>"; };
		697A6C021A6F991C008A893A /* libsqlite3.0.dylib */ = {isa = PBXFileReference; lastKnownFileType = "compiled.mach-o.dylib"; name = libsqlite3.0.dylib; path = usr/lib/libsqlite3.0.dylib; sourceTree = SDKROOT; };
		697A6C041A6F99EE008A893A /* DB.h */ = {isa = PBXFileReference; fileEncoding = 4; lastKnownFileType = sourcecode.c.h; path = DB.h; sourceTree = "<group>"; };
		697A6C051A6F99EE008A893A /* DB.m */ = {isa = PBXFileReference; fileEncoding = 4; lastKnownFileType = sourcecode.c.objc; path = DB.m; sourceTree = "<group>"; };
		697A6C0D1A6FA0E6008A893A /* Language.h */ = {isa = PBXFileReference; fileEncoding = 4; lastKnownFileType = sourcecode.c.h; path = Language.h; sourceTree = "<group>"; };
		697A6C0E1A6FA0E6008A893A /* Language.m */ = {isa = PBXFileReference; fileEncoding = 4; lastKnownFileType = sourcecode.c.objc; path = Language.m; sourceTree = "<group>"; };
		697A6C101A6FA2E4008A893A /* Vocab.h */ = {isa = PBXFileReference; fileEncoding = 4; lastKnownFileType = sourcecode.c.h; path = Vocab.h; sourceTree = "<group>"; };
		697A6C111A6FA2E4008A893A /* Vocab.m */ = {isa = PBXFileReference; fileEncoding = 4; lastKnownFileType = sourcecode.c.objc; path = Vocab.m; sourceTree = "<group>"; };
		697A6C131A6FA5C7008A893A /* APImage.h */ = {isa = PBXFileReference; fileEncoding = 4; lastKnownFileType = sourcecode.c.h; path = APImage.h; sourceTree = "<group>"; };
		697A6C141A6FA5C7008A893A /* APImage.m */ = {isa = PBXFileReference; fileEncoding = 4; lastKnownFileType = sourcecode.c.objc; path = APImage.m; sourceTree = "<group>"; };
		697A6C151A6FA5C7008A893A /* APSpeech.h */ = {isa = PBXFileReference; fileEncoding = 4; lastKnownFileType = sourcecode.c.h; path = APSpeech.h; sourceTree = "<group>"; };
		697A6C161A6FA5C7008A893A /* APSpeech.m */ = {isa = PBXFileReference; fileEncoding = 4; lastKnownFileType = sourcecode.c.objc; path = APSpeech.m; sourceTree = "<group>"; };
		697A6C191A6FB310008A893A /* lexitron2.sqlite */ = {isa = PBXFileReference; lastKnownFileType = file; path = lexitron2.sqlite; sourceTree = "<group>"; };
		6984DAC71AAD9ADB003F800C /* AAMFeedbackTopicsViewController.h */ = {isa = PBXFileReference; fileEncoding = 4; lastKnownFileType = sourcecode.c.h; name = AAMFeedbackTopicsViewController.h; path = AAMFeedback/AAMFeedbackTopicsViewController.h; sourceTree = "<group>"; };
		6984DAC81AAD9ADB003F800C /* AAMFeedbackTopicsViewController.m */ = {isa = PBXFileReference; fileEncoding = 4; lastKnownFileType = sourcecode.c.objc; name = AAMFeedbackTopicsViewController.m; path = AAMFeedback/AAMFeedbackTopicsViewController.m; sourceTree = "<group>"; };
		6984DAC91AAD9ADB003F800C /* AAMFeedbackViewController.h */ = {isa = PBXFileReference; fileEncoding = 4; lastKnownFileType = sourcecode.c.h; name = AAMFeedbackViewController.h; path = AAMFeedback/AAMFeedbackViewController.h; sourceTree = "<group>"; };
		6984DACA1AAD9ADB003F800C /* AAMFeedbackViewController.m */ = {isa = PBXFileReference; fileEncoding = 4; lastKnownFileType = sourcecode.c.objc; name = AAMFeedbackViewController.m; path = AAMFeedback/AAMFeedbackViewController.m; sourceTree = "<group>"; };
		6984DACD1AAD9ADB003F800C /* en */ = {isa = PBXFileReference; lastKnownFileType = text.plist.strings; name = en; path = Localizable.strings; sourceTree = "<group>"; };
		6984DACE1AAD9ADB003F800C /* FeedbackService.h */ = {isa = PBXFileReference; fileEncoding = 4; lastKnownFileType = sourcecode.c.h; name = FeedbackService.h; path = AAMFeedback/FeedbackService.h; sourceTree = "<group>"; };
		6984DACF1AAD9ADB003F800C /* FeedbackService.m */ = {isa = PBXFileReference; fileEncoding = 4; lastKnownFileType = sourcecode.c.objc; name = FeedbackService.m; path = AAMFeedback/FeedbackService.m; sourceTree = "<group>"; };
		6984DAD21AAD9ADB003F800C /* ja */ = {isa = PBXFileReference; lastKnownFileType = text.plist.strings; name = ja; path = Localizable.strings; sourceTree = "<group>"; };
		6984DAD31AAD9ADB003F800C /* MyAlert.h */ = {isa = PBXFileReference; fileEncoding = 4; lastKnownFileType = sourcecode.c.h; name = MyAlert.h; path = AAMFeedback/MyAlert.h; sourceTree = "<group>"; };
		6984DAD41AAD9ADB003F800C /* MyAlert.m */ = {isa = PBXFileReference; fileEncoding = 4; lastKnownFileType = sourcecode.c.objc; name = MyAlert.m; path = AAMFeedback/MyAlert.m; sourceTree = "<group>"; };
		69BC97761A8361250019F71B /* Edit_Fav_ViewController.h */ = {isa = PBXFileReference; fileEncoding = 4; lastKnownFileType = sourcecode.c.h; path = Edit_Fav_ViewController.h; sourceTree = "<group>"; };
		69BC97771A8361250019F71B /* Edit_Fav_ViewController.m */ = {isa = PBXFileReference; fileEncoding = 4; lastKnownFileType = sourcecode.c.objc; path = Edit_Fav_ViewController.m; sourceTree = "<group>"; };
		69C230561AA594B6003D8570 /* icon-speak.png */ = {isa = PBXFileReference; lastKnownFileType = image.png; path = "icon-speak.png"; sourceTree = "<group>"; };
		69C230591AA59AF3003D8570 /* speak-icon(flat).png */ = {isa = PBXFileReference; lastKnownFileType = image.png; path = "speak-icon(flat).png"; sourceTree = "<group>"; };
		69C2305B1AA59AFF003D8570 /* share-icon.png */ = {isa = PBXFileReference; lastKnownFileType = image.png; path = "share-icon.png"; sourceTree = "<group>"; };
		69C2305D1AA59D37003D8570 /* fav_off.png */ = {isa = PBXFileReference; lastKnownFileType = image.png; path = fav_off.png; sourceTree = "<group>"; };
		69C2305E1AA59D37003D8570 /* fav_on.png */ = {isa = PBXFileReference; lastKnownFileType = image.png; path = fav_on.png; sourceTree = "<group>"; };
		69C5AABE1A9B12CF0024546F /* no.png */ = {isa = PBXFileReference; lastKnownFileType = image.png; path = no.png; sourceTree = "<group>"; };
		69C9FF9A1A7787FA0059BB6B /* Favorite.h */ = {isa = PBXFileReference; fileEncoding = 4; lastKnownFileType = sourcecode.c.h; path = Favorite.h; sourceTree = "<group>"; };
		69C9FF9B1A7787FA0059BB6B /* Favorite.m */ = {isa = PBXFileReference; fileEncoding = 4; lastKnownFileType = sourcecode.c.objc; path = Favorite.m; sourceTree = "<group>"; };
		69C9FF9D1A7788040059BB6B /* History.h */ = {isa = PBXFileReference; fileEncoding = 4; lastKnownFileType = sourcecode.c.h; path = History.h; sourceTree = "<group>"; };
		69C9FF9E1A7788040059BB6B /* History.m */ = {isa = PBXFileReference; fileEncoding = 4; lastKnownFileType = sourcecode.c.objc; path = History.m; sourceTree = "<group>"; };
		69DF55D71A77513500BBCDEC /* FavoriteViewController.h */ = {isa = PBXFileReference; fileEncoding = 4; lastKnownFileType = sourcecode.c.h; path = FavoriteViewController.h; sourceTree = "<group>"; };
		69DF55D81A77513500BBCDEC /* FavoriteViewController.m */ = {isa = PBXFileReference; fileEncoding = 4; lastKnownFileType = sourcecode.c.objc; path = FavoriteViewController.m; sourceTree = "<group>"; };
		69FD82BF1A8215D800B82B80 /* th */ = {isa = PBXFileReference; lastKnownFileType = text.plist.strings; name = th; path = th.lproj/Main.strings; sourceTree = "<group>"; };
		69FD82C01A8215D800B82B80 /* th */ = {isa = PBXFileReference; lastKnownFileType = text.plist.strings; name = th; path = th.lproj/LaunchScreen.strings; sourceTree = "<group>"; };
/* End PBXFileReference section */

/* Begin PBXFrameworksBuildPhase section */
		697A6ACF1A6F8D6A008A893A /* Frameworks */ = {
			isa = PBXFrameworksBuildPhase;
			buildActionMask = 2147483647;
			files = (
				696343FF1AA4359D0099BCF9 /* Social.framework in Frameworks */,
				69784CA21A9D96A9000E6B73 /* CoreGraphics.framework in Frameworks */,
				69784CA01A9D96A0000E6B73 /* QuartzCore.framework in Frameworks */,
				697544FD1A919812009ACB65 /* libxml2.dylib in Frameworks */,
				697A6C031A6F991C008A893A /* libsqlite3.0.dylib in Frameworks */,
			);
			runOnlyForDeploymentPostprocessing = 0;
		};
		697A6AEB1A6F8D6B008A893A /* Frameworks */ = {
			isa = PBXFrameworksBuildPhase;
			buildActionMask = 2147483647;
			files = (
			);
			runOnlyForDeploymentPostprocessing = 0;
		};
/* End PBXFrameworksBuildPhase section */

/* Begin PBXGroup section */
		695981F81A70966A00C2002D /* ViewController */ = {
			isa = PBXGroup;
			children = (
				697A6B361A6F955B008A893A /* SearchViewController.h */,
				697A6B371A6F955B008A893A /* SearchViewController.m */,
				69784CA31A9D980A000E6B73 /* PopOverDetail.h */,
				69784CA41A9D980A000E6B73 /* PopOverDetail.m */,
				6906AF0E1A88C30C00087B93 /* HistoryViewController.h */,
				6906AF0F1A88C30C00087B93 /* HistoryViewController.m */,
				69BC97761A8361250019F71B /* Edit_Fav_ViewController.h */,
				69BC97771A8361250019F71B /* Edit_Fav_ViewController.m */,
				69DF55D71A77513500BBCDEC /* FavoriteViewController.h */,
				69DF55D81A77513500BBCDEC /* FavoriteViewController.m */,
				695981F51A70965D00C2002D /* DetailVocabViewController.h */,
				695981F61A70965D00C2002D /* DetailVocabViewController.m */,
				694B49611AA04FD40015A546 /* DetailVocab.h */,
				694B49621AA04FD40015A546 /* DetailVocab.m */,
				694B49641AA078970015A546 /* DefinitionCell.h */,
				694B49651AA078970015A546 /* DefinitionCell.m */,
				694B49671AA079850015A546 /* SampleCell.h */,
				694B49681AA079850015A546 /* SampleCell.m */,
				694B496A1AA079910015A546 /* ImageCell.h */,
				6984DAC61AAD9A7F003F800C /* Feedback */,
				694B496B1AA079910015A546 /* ImageCell.m */,
				6955AD271A9322000017D45F /* VocabCell.h */,
				6955AD281A9322000017D45F /* VocabCell.m */,
				693A53751A91E2B80081120C /* SplitViewSearch.h */,
				693A53761A91E2B80081120C /* SplitViewSearch.m */,
			);
			name = ViewController;
			sourceTree = "<group>";
		};
		697544F81A919574009ACB65 /* HTMLParser */ = {
			isa = PBXGroup;
			children = (
				697544F21A91956F009ACB65 /* HTMLNode.h */,
				697544F31A91956F009ACB65 /* HTMLNode.m */,
				697544F41A91956F009ACB65 /* HTMLParser.h */,
				697544F51A91956F009ACB65 /* HTMLParser.m */,
			);
			name = HTMLParser;
			sourceTree = "<group>";
		};
		69784C981A9D8FB9000E6B73 /* WYPopoverController */ = {
			isa = PBXGroup;
			children = (
				69784C991A9D8FB9000E6B73 /* WYPopoverController.h */,
				69784C9A1A9D8FB9000E6B73 /* WYPopoverController.m */,
				69784C9B1A9D8FB9000E6B73 /* WYStoryboardPopoverSegue.h */,
				69784C9C1A9D8FB9000E6B73 /* WYStoryboardPopoverSegue.m */,
			);
			path = WYPopoverController;
			sourceTree = "<group>";
		};
		697A6AC91A6F8D6A008A893A = {
			isa = PBXGroup;
			children = (
				697A6AD41A6F8D6A008A893A /* thaidict */,
				697A6AF11A6F8D6B008A893A /* thaidictTests */,
				697A6AD31A6F8D6A008A893A /* Products */,
			);
			sourceTree = "<group>";
		};
		697A6AD31A6F8D6A008A893A /* Products */ = {
			isa = PBXGroup;
			children = (
				697A6AD21A6F8D6A008A893A /* thaidict.app */,
				697A6AEE1A6F8D6B008A893A /* thaidictTests.xctest */,
			);
			name = Products;
			sourceTree = "<group>";
		};
		697A6AD41A6F8D6A008A893A /* thaidict */ = {
			isa = PBXGroup;
			children = (
				69C5AABE1A9B12CF0024546F /* no.png */,
				697A6AD91A6F8D6A008A893A /* AppDelegate.h */,
				697A6ADA1A6F8D6A008A893A /* AppDelegate.m */,
				697A6AE21A6F8D6B008A893A /* Main.storyboard */,
				697A6C081A6F9B09008A893A /* Model */,
				695981F81A70966A00C2002D /* ViewController */,
				697A6AE51A6F8D6B008A893A /* Images.xcassets */,
				697A6AE71A6F8D6B008A893A /* LaunchScreen.xib */,
				697A6ADC1A6F8D6A008A893A /* thaidict.xcdatamodeld */,
				69C230581AA594BE003D8570 /* image */,
				697A6C011A6F98C6008A893A /* thirdparty */,
				697A6AD51A6F8D6A008A893A /* Supporting Files */,
			);
			path = thaidict;
			sourceTree = "<group>";
		};
		697A6AD51A6F8D6A008A893A /* Supporting Files */ = {
			isa = PBXGroup;
			children = (
				697A6C071A6F99FA008A893A /* framwork */,
				697A6AD61A6F8D6A008A893A /* Info.plist */,
				697A6AD71A6F8D6A008A893A /* main.m */,
			);
			name = "Supporting Files";
			sourceTree = "<group>";
		};
		697A6AF11A6F8D6B008A893A /* thaidictTests */ = {
			isa = PBXGroup;
			children = (
				697A6AF41A6F8D6B008A893A /* thaidictTests.m */,
				697A6AF21A6F8D6B008A893A /* Supporting Files */,
			);
			path = thaidictTests;
			sourceTree = "<group>";
		};
		697A6AF21A6F8D6B008A893A /* Supporting Files */ = {
			isa = PBXGroup;
			children = (
				697A6AF31A6F8D6B008A893A /* Info.plist */,
			);
			name = "Supporting Files";
			sourceTree = "<group>";
		};
		697A6BB81A6F98A4008A893A /* sw */ = {
			isa = PBXGroup;
			children = (
				697A6BA61A6F989E008A893A /* NSMutableArray+SWUtilityButtons.h */,
				697A6BA71A6F989E008A893A /* NSMutableArray+SWUtilityButtons.m */,
				697A6BA81A6F989E008A893A /* SWCellScrollView.h */,
				697A6BA91A6F989E008A893A /* SWCellScrollView.m */,
				697A6BAA1A6F989E008A893A /* SWLongPressGestureRecognizer.h */,
				697A6BAB1A6F989E008A893A /* SWLongPressGestureRecognizer.m */,
				697A6BAC1A6F989E008A893A /* SWTableViewCell.h */,
				697A6BAD1A6F989E008A893A /* SWTableViewCell.m */,
				697A6BAE1A6F989E008A893A /* SWUtilityButtonTapGestureRecognizer.h */,
				697A6BAF1A6F989E008A893A /* SWUtilityButtonTapGestureRecognizer.m */,
				697A6BB01A6F989E008A893A /* SWUtilityButtonView.h */,
				697A6BB11A6F989E008A893A /* SWUtilityButtonView.m */,
			);
			name = sw;
			sourceTree = "<group>";
		};
		697A6BB91A6F98BC008A893A /* fmdb */ = {
			isa = PBXGroup;
			children = (
				697A6BBA1A6F98BC008A893A /* AFNetworking */,
				697A6BCE1A6F98BC008A893A /* FMDatabase.h */,
				697A6BCF1A6F98BC008A893A /* FMDatabase.m */,
				697A6BD01A6F98BC008A893A /* FMDatabaseAdditions.h */,
				697A6BD11A6F98BC008A893A /* FMDatabaseAdditions.m */,
				697A6BD21A6F98BC008A893A /* FMDatabasePool.h */,
				697A6BD31A6F98BC008A893A /* FMDatabasePool.m */,
				697A6BD41A6F98BC008A893A /* FMDatabaseQueue.h */,
				697A6BD51A6F98BC008A893A /* FMDatabaseQueue.m */,
				697A6BD61A6F98BC008A893A /* FMDB.h */,
				697A6BD71A6F98BC008A893A /* FMResultSet.h */,
				697A6BD81A6F98BC008A893A /* FMResultSet.m */,
				697A6BD91A6F98BC008A893A /* UIKit+AFNetworking */,
			);
			path = fmdb;
			sourceTree = "<group>";
		};
		697A6BBA1A6F98BC008A893A /* AFNetworking */ = {
			isa = PBXGroup;
			children = (
				697A6BBB1A6F98BC008A893A /* AFHTTPRequestOperation.h */,
				697A6BBC1A6F98BC008A893A /* AFHTTPRequestOperation.m */,
				697A6BBD1A6F98BC008A893A /* AFHTTPRequestOperationManager.h */,
				697A6BBE1A6F98BC008A893A /* AFHTTPRequestOperationManager.m */,
				697A6BBF1A6F98BC008A893A /* AFHTTPSessionManager.h */,
				697A6BC01A6F98BC008A893A /* AFHTTPSessionManager.m */,
				697A6BC11A6F98BC008A893A /* AFNetworking.h */,
				697A6BC21A6F98BC008A893A /* AFNetworkReachabilityManager.h */,
				697A6BC31A6F98BC008A893A /* AFNetworkReachabilityManager.m */,
				697A6BC41A6F98BC008A893A /* AFSecurityPolicy.h */,
				697A6BC51A6F98BC008A893A /* AFSecurityPolicy.m */,
				697A6BC61A6F98BC008A893A /* AFURLConnectionOperation.h */,
				697A6BC71A6F98BC008A893A /* AFURLConnectionOperation.m */,
				697A6BC81A6F98BC008A893A /* AFURLRequestSerialization.h */,
				697A6BC91A6F98BC008A893A /* AFURLRequestSerialization.m */,
				697A6BCA1A6F98BC008A893A /* AFURLResponseSerialization.h */,
				697A6BCB1A6F98BC008A893A /* AFURLResponseSerialization.m */,
				697A6BCC1A6F98BC008A893A /* AFURLSessionManager.h */,
				697A6BCD1A6F98BC008A893A /* AFURLSessionManager.m */,
			);
			path = AFNetworking;
			sourceTree = "<group>";
		};
		697A6BD91A6F98BC008A893A /* UIKit+AFNetworking */ = {
			isa = PBXGroup;
			children = (
				697A6BDA1A6F98BC008A893A /* AFNetworkActivityIndicatorManager.h */,
				697A6BDB1A6F98BC008A893A /* AFNetworkActivityIndicatorManager.m */,
				697A6BDC1A6F98BC008A893A /* UIActivityIndicatorView+AFNetworking.h */,
				697A6BDD1A6F98BC008A893A /* UIActivityIndicatorView+AFNetworking.m */,
				697A6BDE1A6F98BC008A893A /* UIAlertView+AFNetworking.h */,
				697A6BDF1A6F98BC008A893A /* UIAlertView+AFNetworking.m */,
				697A6BE01A6F98BC008A893A /* UIButton+AFNetworking.h */,
				697A6BE11A6F98BC008A893A /* UIButton+AFNetworking.m */,
				697A6BE21A6F98BC008A893A /* UIImageView+AFNetworking.h */,
				697A6BE31A6F98BC008A893A /* UIImageView+AFNetworking.m */,
				697A6BE41A6F98BC008A893A /* UIKit+AFNetworking.h */,
				697A6BE51A6F98BC008A893A /* UIProgressView+AFNetworking.h */,
				697A6BE61A6F98BC008A893A /* UIProgressView+AFNetworking.m */,
				697A6BE71A6F98BC008A893A /* UIRefreshControl+AFNetworking.h */,
				697A6BE81A6F98BC008A893A /* UIRefreshControl+AFNetworking.m */,
				697A6BE91A6F98BC008A893A /* UIWebView+AFNetworking.h */,
				697A6BEA1A6F98BC008A893A /* UIWebView+AFNetworking.m */,
			);
			path = "UIKit+AFNetworking";
			sourceTree = "<group>";
		};
		697A6C011A6F98C6008A893A /* thirdparty */ = {
			isa = PBXGroup;
			children = (
				696343FE1AA4359D0099BCF9 /* Social.framework */,
				69784CA11A9D96A9000E6B73 /* CoreGraphics.framework */,
				69784C9F1A9D96A0000E6B73 /* QuartzCore.framework */,
				69784C981A9D8FB9000E6B73 /* WYPopoverController */,
				697544F81A919574009ACB65 /* HTMLParser */,
				697A6C191A6FB310008A893A /* lexitron2.sqlite */,
				697A6BB91A6F98BC008A893A /* fmdb */,
				697A6BB81A6F98A4008A893A /* sw */,
			);
			name = thirdparty;
			sourceTree = "<group>";
		};
		697A6C071A6F99FA008A893A /* framwork */ = {
			isa = PBXGroup;
			children = (
				697544FC1A919812009ACB65 /* libxml2.dylib */,
				697A6C021A6F991C008A893A /* libsqlite3.0.dylib */,
			);
			name = framwork;
			sourceTree = "<group>";
		};
		697A6C081A6F9B09008A893A /* Model */ = {
			isa = PBXGroup;
			children = (
				697544FE1A919A51009ACB65 /* Connect.h */,
				697544FF1A919A51009ACB65 /* Connect.m */,
				697A6C041A6F99EE008A893A /* DB.h */,
				697A6C051A6F99EE008A893A /* DB.m */,
				697A6C101A6FA2E4008A893A /* Vocab.h */,
				697A6C111A6FA2E4008A893A /* Vocab.m */,
				697A6C0D1A6FA0E6008A893A /* Language.h */,
				697A6C0E1A6FA0E6008A893A /* Language.m */,
				69C9FF9A1A7787FA0059BB6B /* Favorite.h */,
				69C9FF9B1A7787FA0059BB6B /* Favorite.m */,
				69C9FF9D1A7788040059BB6B /* History.h */,
				69C9FF9E1A7788040059BB6B /* History.m */,
				697A6C131A6FA5C7008A893A /* APImage.h */,
				697A6C141A6FA5C7008A893A /* APImage.m */,
				697A6C151A6FA5C7008A893A /* APSpeech.h */,
				697A6C161A6FA5C7008A893A /* APSpeech.m */,
				697544F91A919650009ACB65 /* APSample.h */,
				697544FA1A919650009ACB65 /* APSample.m */,
				697545011A91B20C009ACB65 /* NSString_stripHtml.h */,
				697545021A91B20C009ACB65 /* NSString_stripHtml.m */,
			);
			name = Model;
			sourceTree = "<group>";
		};
		6984DAC61AAD9A7F003F800C /* Feedback */ = {
			isa = PBXGroup;
			children = (
				6984DAC71AAD9ADB003F800C /* AAMFeedbackTopicsViewController.h */,
				6984DAC81AAD9ADB003F800C /* AAMFeedbackTopicsViewController.m */,
				6984DAC91AAD9ADB003F800C /* AAMFeedbackViewController.h */,
				6984DACA1AAD9ADB003F800C /* AAMFeedbackViewController.m */,
				6984DACB1AAD9ADB003F800C /* en.lproj */,
				6984DACE1AAD9ADB003F800C /* FeedbackService.h */,
				6984DACF1AAD9ADB003F800C /* FeedbackService.m */,
				6984DAD01AAD9ADB003F800C /* ja.lproj */,
				6984DAD31AAD9ADB003F800C /* MyAlert.h */,
				6984DAD41AAD9ADB003F800C /* MyAlert.m */,
			);
			name = Feedback;
			sourceTree = "<group>";
		};
		6984DACB1AAD9ADB003F800C /* en.lproj */ = {
			isa = PBXGroup;
			children = (
				6984DACC1AAD9ADB003F800C /* Localizable.strings */,
			);
			name = en.lproj;
			path = AAMFeedback/en.lproj;
			sourceTree = "<group>";
		};
		6984DAD01AAD9ADB003F800C /* ja.lproj */ = {
			isa = PBXGroup;
			children = (
				6984DAD11AAD9ADB003F800C /* Localizable.strings */,
			);
			name = ja.lproj;
			path = AAMFeedback/ja.lproj;
			sourceTree = "<group>";
		};
		69C230581AA594BE003D8570 /* image */ = {
			isa = PBXGroup;
			children = (
				69C2305D1AA59D37003D8570 /* fav_off.png */,
				69C2305E1AA59D37003D8570 /* fav_on.png */,
				69C2305B1AA59AFF003D8570 /* share-icon.png */,
				69C230591AA59AF3003D8570 /* speak-icon(flat).png */,
				696344001AA4422B0099BCF9 /* fav_off2.png */,
				696344011AA4422B0099BCF9 /* fav_on1.png */,
				69C230561AA594B6003D8570 /* icon-speak.png */,
			);
			name = image;
			sourceTree = "<group>";
		};
/* End PBXGroup section */

/* Begin PBXNativeTarget section */
		697A6AD11A6F8D6A008A893A /* thaidict */ = {
			isa = PBXNativeTarget;
			buildConfigurationList = 697A6AF81A6F8D6B008A893A /* Build configuration list for PBXNativeTarget "thaidict" */;
			buildPhases = (
				697A6ACE1A6F8D6A008A893A /* Sources */,
				697A6ACF1A6F8D6A008A893A /* Frameworks */,
				697A6AD01A6F8D6A008A893A /* Resources */,
			);
			buildRules = (
			);
			dependencies = (
			);
			name = thaidict;
			productName = thaidict;
			productReference = 697A6AD21A6F8D6A008A893A /* thaidict.app */;
			productType = "com.apple.product-type.application";
		};
		697A6AED1A6F8D6B008A893A /* thaidictTests */ = {
			isa = PBXNativeTarget;
			buildConfigurationList = 697A6AFB1A6F8D6B008A893A /* Build configuration list for PBXNativeTarget "thaidictTests" */;
			buildPhases = (
				697A6AEA1A6F8D6B008A893A /* Sources */,
				697A6AEB1A6F8D6B008A893A /* Frameworks */,
				697A6AEC1A6F8D6B008A893A /* Resources */,
			);
			buildRules = (
			);
			dependencies = (
				697A6AF01A6F8D6B008A893A /* PBXTargetDependency */,
			);
			name = thaidictTests;
			productName = thaidictTests;
			productReference = 697A6AEE1A6F8D6B008A893A /* thaidictTests.xctest */;
			productType = "com.apple.product-type.bundle.unit-test";
		};
/* End PBXNativeTarget section */

/* Begin PBXProject section */
		697A6ACA1A6F8D6A008A893A /* Project object */ = {
			isa = PBXProject;
			attributes = {
				LastUpgradeCheck = 0610;
				ORGANIZATIONNAME = Rnut;
				TargetAttributes = {
					697A6AD11A6F8D6A008A893A = {
						CreatedOnToolsVersion = 6.1.1;
						DevelopmentTeam = G97L2YH63L;
					};
					697A6AED1A6F8D6B008A893A = {
						CreatedOnToolsVersion = 6.1.1;
						TestTargetID = 697A6AD11A6F8D6A008A893A;
					};
				};
			};
			buildConfigurationList = 697A6ACD1A6F8D6A008A893A /* Build configuration list for PBXProject "thaidict" */;
			compatibilityVersion = "Xcode 3.2";
			developmentRegion = English;
			hasScannedForEncodings = 0;
			knownRegions = (
				en,
				Base,
				ja,
			);
			mainGroup = 697A6AC91A6F8D6A008A893A;
			productRefGroup = 697A6AD31A6F8D6A008A893A /* Products */;
			projectDirPath = "";
			projectRoot = "";
			targets = (
				697A6AD11A6F8D6A008A893A /* thaidict */,
				697A6AED1A6F8D6B008A893A /* thaidictTests */,
			);
		};
/* End PBXProject section */

/* Begin PBXResourcesBuildPhase section */
		697A6AD01A6F8D6A008A893A /* Resources */ = {
			isa = PBXResourcesBuildPhase;
			buildActionMask = 2147483647;
			files = (
				69C2305F1AA59D37003D8570 /* fav_off.png in Resources */,
				69C230601AA59D37003D8570 /* fav_on.png in Resources */,
				69C5AABF1A9B12CF0024546F /* no.png in Resources */,
				6984DAD91AAD9ADB003F800C /* Localizable.strings in Resources */,
				696344031AA4422B0099BCF9 /* fav_on1.png in Resources */,
				69C2305C1AA59AFF003D8570 /* share-icon.png in Resources */,
				697A6AE41A6F8D6B008A893A /* Main.storyboard in Resources */,
				69C230571AA594B6003D8570 /* icon-speak.png in Resources */,
				697A6AE91A6F8D6B008A893A /* LaunchScreen.xib in Resources */,
				696344021AA4422B0099BCF9 /* fav_off2.png in Resources */,
				6984DAD71AAD9ADB003F800C /* Localizable.strings in Resources */,
				697A6AE61A6F8D6B008A893A /* Images.xcassets in Resources */,
				697A6C1A1A6FB310008A893A /* lexitron2.sqlite in Resources */,
				69C2305A1AA59AF3003D8570 /* speak-icon(flat).png in Resources */,
			);
			runOnlyForDeploymentPostprocessing = 0;
		};
		697A6AEC1A6F8D6B008A893A /* Resources */ = {
			isa = PBXResourcesBuildPhase;
			buildActionMask = 2147483647;
			files = (
			);
			runOnlyForDeploymentPostprocessing = 0;
		};
/* End PBXResourcesBuildPhase section */

/* Begin PBXSourcesBuildPhase section */
		697A6ACE1A6F8D6A008A893A /* Sources */ = {
			isa = PBXSourcesBuildPhase;
			buildActionMask = 2147483647;
			files = (
				697A6BEB1A6F98BC008A893A /* AFHTTPRequestOperation.m in Sources */,
				697A6BFD1A6F98BC008A893A /* UIImageView+AFNetworking.m in Sources */,
				697A6C171A6FA5C7008A893A /* APImage.m in Sources */,
				6955AD291A9322000017D45F /* VocabCell.m in Sources */,
				697A6BFF1A6F98BC008A893A /* UIRefreshControl+AFNetworking.m in Sources */,
				697544F71A91956F009ACB65 /* HTMLParser.m in Sources */,
				697544F61A91956F009ACB65 /* HTMLNode.m in Sources */,
				697A6ADB1A6F8D6A008A893A /* AppDelegate.m in Sources */,
				6906AF101A88C30C00087B93 /* HistoryViewController.m in Sources */,
				694B49691AA079850015A546 /* SampleCell.m in Sources */,
				6984DAD81AAD9ADB003F800C /* FeedbackService.m in Sources */,
				69784C9D1A9D8FB9000E6B73 /* WYPopoverController.m in Sources */,
				697A6AD81A6F8D6A008A893A /* main.m in Sources */,
				697A6C001A6F98BC008A893A /* UIWebView+AFNetworking.m in Sources */,
				697A6BF61A6F98BC008A893A /* FMDatabasePool.m in Sources */,
				69BC97781A8361250019F71B /* Edit_Fav_ViewController.m in Sources */,
				694B49631AA04FD40015A546 /* DetailVocab.m in Sources */,
				697544FB1A919650009ACB65 /* APSample.m in Sources */,
				697A6BF41A6F98BC008A893A /* FMDatabase.m in Sources */,
				69784CA51A9D980A000E6B73 /* PopOverDetail.m in Sources */,
				694B496C1AA079910015A546 /* ImageCell.m in Sources */,
				697A6BB61A6F989E008A893A /* SWUtilityButtonTapGestureRecognizer.m in Sources */,
				69DF55D91A77513500BBCDEC /* FavoriteViewController.m in Sources */,
				695981F71A70965D00C2002D /* DetailVocabViewController.m in Sources */,
				697A6C121A6FA2E4008A893A /* Vocab.m in Sources */,
				697A6BB51A6F989E008A893A /* SWTableViewCell.m in Sources */,
				697A6BF31A6F98BC008A893A /* AFURLSessionManager.m in Sources */,
				69C9FF9C1A7787FA0059BB6B /* Favorite.m in Sources */,
				697A6BF51A6F98BC008A893A /* FMDatabaseAdditions.m in Sources */,
				697A6BED1A6F98BC008A893A /* AFHTTPSessionManager.m in Sources */,
				6984DAD51AAD9ADB003F800C /* AAMFeedbackTopicsViewController.m in Sources */,
				697A6BFE1A6F98BC008A893A /* UIProgressView+AFNetworking.m in Sources */,
				69784C9E1A9D8FB9000E6B73 /* WYStoryboardPopoverSegue.m in Sources */,
				697A6C181A6FA5C7008A893A /* APSpeech.m in Sources */,
				697A6BB21A6F989E008A893A /* NSMutableArray+SWUtilityButtons.m in Sources */,
				697A6BFC1A6F98BC008A893A /* UIButton+AFNetworking.m in Sources */,
				697A6BEE1A6F98BC008A893A /* AFNetworkReachabilityManager.m in Sources */,
				697A6C061A6F99EE008A893A /* DB.m in Sources */,
				697A6B381A6F955B008A893A /* SearchViewController.m in Sources */,
				69C9FF9F1A7788040059BB6B /* History.m in Sources */,
				697A6C0F1A6FA0E6008A893A /* Language.m in Sources */,
				6984DADA1AAD9ADB003F800C /* MyAlert.m in Sources */,
				697A6BF21A6F98BC008A893A /* AFURLResponseSerialization.m in Sources */,
				697A6BF11A6F98BC008A893A /* AFURLRequestSerialization.m in Sources */,
				697A6BF01A6F98BC008A893A /* AFURLConnectionOperation.m in Sources */,
				697A6BFB1A6F98BC008A893A /* UIAlertView+AFNetworking.m in Sources */,
				697A6BEC1A6F98BC008A893A /* AFHTTPRequestOperationManager.m in Sources */,
				697A6BF71A6F98BC008A893A /* FMDatabaseQueue.m in Sources */,
				697A6BF81A6F98BC008A893A /* FMResultSet.m in Sources */,
				6984DAD61AAD9ADB003F800C /* AAMFeedbackViewController.m in Sources */,
				697A6BB31A6F989E008A893A /* SWCellScrollView.m in Sources */,
				697A6BEF1A6F98BC008A893A /* AFSecurityPolicy.m in Sources */,
				697A6BF91A6F98BC008A893A /* AFNetworkActivityIndicatorManager.m in Sources */,
				697A6ADE1A6F8D6B008A893A /* thaidict.xcdatamodeld in Sources */,
				697A6BFA1A6F98BC008A893A /* UIActivityIndicatorView+AFNetworking.m in Sources */,
				697545001A919A51009ACB65 /* Connect.m in Sources */,
				693A53771A91E2B80081120C /* SplitViewSearch.m in Sources */,
				697545031A91B20C009ACB65 /* NSString_stripHtml.m in Sources */,
				694B49661AA078970015A546 /* DefinitionCell.m in Sources */,
				697A6BB71A6F989E008A893A /* SWUtilityButtonView.m in Sources */,
				697A6BB41A6F989E008A893A /* SWLongPressGestureRecognizer.m in Sources */,
			);
			runOnlyForDeploymentPostprocessing = 0;
		};
		697A6AEA1A6F8D6B008A893A /* Sources */ = {
			isa = PBXSourcesBuildPhase;
			buildActionMask = 2147483647;
			files = (
				697A6AF51A6F8D6B008A893A /* thaidictTests.m in Sources */,
			);
			runOnlyForDeploymentPostprocessing = 0;
		};
/* End PBXSourcesBuildPhase section */

/* Begin PBXTargetDependency section */
		697A6AF01A6F8D6B008A893A /* PBXTargetDependency */ = {
			isa = PBXTargetDependency;
			target = 697A6AD11A6F8D6A008A893A /* thaidict */;
			targetProxy = 697A6AEF1A6F8D6B008A893A /* PBXContainerItemProxy */;
		};
/* End PBXTargetDependency section */

/* Begin PBXVariantGroup section */
		697A6AE21A6F8D6B008A893A /* Main.storyboard */ = {
			isa = PBXVariantGroup;
			children = (
				697A6AE31A6F8D6B008A893A /* Base */,
				69FD82BF1A8215D800B82B80 /* th */,
			);
			name = Main.storyboard;
			sourceTree = "<group>";
		};
		697A6AE71A6F8D6B008A893A /* LaunchScreen.xib */ = {
			isa = PBXVariantGroup;
			children = (
				697A6AE81A6F8D6B008A893A /* Base */,
				69FD82C01A8215D800B82B80 /* th */,
			);
			name = LaunchScreen.xib;
			sourceTree = "<group>";
		};
		6984DACC1AAD9ADB003F800C /* Localizable.strings */ = {
			isa = PBXVariantGroup;
			children = (
				6984DACD1AAD9ADB003F800C /* en */,
			);
			name = Localizable.strings;
			sourceTree = "<group>";
		};
		6984DAD11AAD9ADB003F800C /* Localizable.strings */ = {
			isa = PBXVariantGroup;
			children = (
				6984DAD21AAD9ADB003F800C /* ja */,
			);
			name = Localizable.strings;
			sourceTree = "<group>";
		};
/* End PBXVariantGroup section */

/* Begin XCBuildConfiguration section */
		697A6AF61A6F8D6B008A893A /* Debug */ = {
			isa = XCBuildConfiguration;
			buildSettings = {
				ALWAYS_SEARCH_USER_PATHS = NO;
				CLANG_CXX_LANGUAGE_STANDARD = "gnu++0x";
				CLANG_CXX_LIBRARY = "libc++";
				CLANG_ENABLE_MODULES = YES;
				CLANG_ENABLE_OBJC_ARC = YES;
				CLANG_WARN_BOOL_CONVERSION = YES;
				CLANG_WARN_CONSTANT_CONVERSION = YES;
				CLANG_WARN_DIRECT_OBJC_ISA_USAGE = YES_ERROR;
				CLANG_WARN_EMPTY_BODY = YES;
				CLANG_WARN_ENUM_CONVERSION = YES;
				CLANG_WARN_INT_CONVERSION = YES;
				CLANG_WARN_OBJC_ROOT_CLASS = YES_ERROR;
				CLANG_WARN_UNREACHABLE_CODE = YES;
				CLANG_WARN__DUPLICATE_METHOD_MATCH = YES;
				"CODE_SIGN_IDENTITY[sdk=iphoneos*]" = "iPhone Developer";
				COPY_PHASE_STRIP = NO;
				ENABLE_STRICT_OBJC_MSGSEND = YES;
				GCC_C_LANGUAGE_STANDARD = gnu99;
				GCC_DYNAMIC_NO_PIC = NO;
				GCC_OPTIMIZATION_LEVEL = 0;
				GCC_PREPROCESSOR_DEFINITIONS = (
					"DEBUG=1",
					"$(inherited)",
				);
				GCC_SYMBOLS_PRIVATE_EXTERN = NO;
				GCC_WARN_64_TO_32_BIT_CONVERSION = YES;
				GCC_WARN_ABOUT_RETURN_TYPE = YES_ERROR;
				GCC_WARN_UNDECLARED_SELECTOR = YES;
				GCC_WARN_UNINITIALIZED_AUTOS = YES_AGGRESSIVE;
				GCC_WARN_UNUSED_FUNCTION = YES;
				GCC_WARN_UNUSED_VARIABLE = YES;
				HEADER_SEARCH_PATHS = (
					"$(inherited)",
					/Applications/Xcode.app/Contents/Developer/Toolchains/XcodeDefault.xctoolchain/usr/include,
					/usr/include/libxml2,
				);
				IPHONEOS_DEPLOYMENT_TARGET = 7.0;
				MTL_ENABLE_DEBUG_INFO = YES;
				ONLY_ACTIVE_ARCH = YES;
				SDKROOT = iphoneos;
				TARGETED_DEVICE_FAMILY = "1,2";
			};
			name = Debug;
		};
		697A6AF71A6F8D6B008A893A /* Release */ = {
			isa = XCBuildConfiguration;
			buildSettings = {
				ALWAYS_SEARCH_USER_PATHS = NO;
				CLANG_CXX_LANGUAGE_STANDARD = "gnu++0x";
				CLANG_CXX_LIBRARY = "libc++";
				CLANG_ENABLE_MODULES = YES;
				CLANG_ENABLE_OBJC_ARC = YES;
				CLANG_WARN_BOOL_CONVERSION = YES;
				CLANG_WARN_CONSTANT_CONVERSION = YES;
				CLANG_WARN_DIRECT_OBJC_ISA_USAGE = YES_ERROR;
				CLANG_WARN_EMPTY_BODY = YES;
				CLANG_WARN_ENUM_CONVERSION = YES;
				CLANG_WARN_INT_CONVERSION = YES;
				CLANG_WARN_OBJC_ROOT_CLASS = YES_ERROR;
				CLANG_WARN_UNREACHABLE_CODE = YES;
				CLANG_WARN__DUPLICATE_METHOD_MATCH = YES;
				"CODE_SIGN_IDENTITY[sdk=iphoneos*]" = "iPhone Developer";
				COPY_PHASE_STRIP = YES;
				ENABLE_NS_ASSERTIONS = NO;
				ENABLE_STRICT_OBJC_MSGSEND = YES;
				GCC_C_LANGUAGE_STANDARD = gnu99;
				GCC_WARN_64_TO_32_BIT_CONVERSION = YES;
				GCC_WARN_ABOUT_RETURN_TYPE = YES_ERROR;
				GCC_WARN_UNDECLARED_SELECTOR = YES;
				GCC_WARN_UNINITIALIZED_AUTOS = YES_AGGRESSIVE;
				GCC_WARN_UNUSED_FUNCTION = YES;
				GCC_WARN_UNUSED_VARIABLE = YES;
				HEADER_SEARCH_PATHS = (
					"$(inherited)",
					/Applications/Xcode.app/Contents/Developer/Toolchains/XcodeDefault.xctoolchain/usr/include,
					/usr/include/libxml2,
				);
				IPHONEOS_DEPLOYMENT_TARGET = 7.0;
				MTL_ENABLE_DEBUG_INFO = NO;
				SDKROOT = iphoneos;
				TARGETED_DEVICE_FAMILY = "1,2";
				VALIDATE_PRODUCT = YES;
			};
			name = Release;
		};
		697A6AF91A6F8D6B008A893A /* Debug */ = {
			isa = XCBuildConfiguration;
			buildSettings = {
				ASSETCATALOG_COMPILER_APPICON_NAME = AppIcon;
				CODE_SIGN_IDENTITY = "iPhone Developer";
				INFOPLIST_FILE = thaidict/Info.plist;
				IPHONEOS_DEPLOYMENT_TARGET = 7.0;
				LD_RUNPATH_SEARCH_PATHS = "$(inherited) @executable_path/Frameworks";
				PRODUCT_NAME = "$(TARGET_NAME)";
				PROVISIONING_PROFILE = "91a8fb71-42d8-44b1-a26a-1623948ff1c2";
			};
			name = Debug;
		};
		697A6AFA1A6F8D6B008A893A /* Release */ = {
			isa = XCBuildConfiguration;
			buildSettings = {
				ASSETCATALOG_COMPILER_APPICON_NAME = AppIcon;
				CODE_SIGN_IDENTITY = "iPhone Developer";
				INFOPLIST_FILE = thaidict/Info.plist;
				IPHONEOS_DEPLOYMENT_TARGET = 7.0;
				LD_RUNPATH_SEARCH_PATHS = "$(inherited) @executable_path/Frameworks";
				PRODUCT_NAME = "$(TARGET_NAME)";
				PROVISIONING_PROFILE = "91a8fb71-42d8-44b1-a26a-1623948ff1c2";
			};
			name = Release;
		};
		697A6AFC1A6F8D6B008A893A /* Debug */ = {
			isa = XCBuildConfiguration;
			buildSettings = {
				BUNDLE_LOADER = "$(TEST_HOST)";
				FRAMEWORK_SEARCH_PATHS = (
					"$(SDKROOT)/Developer/Library/Frameworks",
					"$(inherited)",
				);
				GCC_PREPROCESSOR_DEFINITIONS = (
					"DEBUG=1",
					"$(inherited)",
				);
				INFOPLIST_FILE = thaidictTests/Info.plist;
				LD_RUNPATH_SEARCH_PATHS = "$(inherited) @executable_path/Frameworks @loader_path/Frameworks";
				PRODUCT_NAME = "$(TARGET_NAME)";
				TEST_HOST = "$(BUILT_PRODUCTS_DIR)/thaidict.app/thaidict";
			};
			name = Debug;
		};
		697A6AFD1A6F8D6B008A893A /* Release */ = {
			isa = XCBuildConfiguration;
			buildSettings = {
				BUNDLE_LOADER = "$(TEST_HOST)";
				FRAMEWORK_SEARCH_PATHS = (
					"$(SDKROOT)/Developer/Library/Frameworks",
					"$(inherited)",
				);
				INFOPLIST_FILE = thaidictTests/Info.plist;
				LD_RUNPATH_SEARCH_PATHS = "$(inherited) @executable_path/Frameworks @loader_path/Frameworks";
				PRODUCT_NAME = "$(TARGET_NAME)";
				TEST_HOST = "$(BUILT_PRODUCTS_DIR)/thaidict.app/thaidict";
			};
			name = Release;
		};
/* End XCBuildConfiguration section */

/* Begin XCConfigurationList section */
		697A6ACD1A6F8D6A008A893A /* Build configuration list for PBXProject "thaidict" */ = {
			isa = XCConfigurationList;
			buildConfigurations = (
				697A6AF61A6F8D6B008A893A /* Debug */,
				697A6AF71A6F8D6B008A893A /* Release */,
			);
			defaultConfigurationIsVisible = 0;
			defaultConfigurationName = Release;
		};
		697A6AF81A6F8D6B008A893A /* Build configuration list for PBXNativeTarget "thaidict" */ = {
			isa = XCConfigurationList;
			buildConfigurations = (
				697A6AF91A6F8D6B008A893A /* Debug */,
				697A6AFA1A6F8D6B008A893A /* Release */,
			);
			defaultConfigurationIsVisible = 0;
			defaultConfigurationName = Release;
		};
		697A6AFB1A6F8D6B008A893A /* Build configuration list for PBXNativeTarget "thaidictTests" */ = {
			isa = XCConfigurationList;
			buildConfigurations = (
				697A6AFC1A6F8D6B008A893A /* Debug */,
				697A6AFD1A6F8D6B008A893A /* Release */,
			);
			defaultConfigurationIsVisible = 0;
			defaultConfigurationName = Release;
		};
/* End XCConfigurationList section */

/* Begin XCVersionGroup section */
		697A6ADC1A6F8D6A008A893A /* thaidict.xcdatamodeld */ = {
			isa = XCVersionGroup;
			children = (
				697A6ADD1A6F8D6A008A893A /* thaidict.xcdatamodel */,
			);
			currentVersion = 697A6ADD1A6F8D6A008A893A /* thaidict.xcdatamodel */;
			path = thaidict.xcdatamodeld;
			sourceTree = "<group>";
			versionGroupType = wrapper.xcdatamodel;
		};
/* End XCVersionGroup section */
	};
	rootObject = 697A6ACA1A6F8D6A008A893A /* Project object */;
}
